// !$*UTF8*$!
{
	archiveVersion = 1;
	classes = {
	};
	objectVersion = 77;
	objects = {

/* Begin PBXBuildFile section */
		0663A1A54324A92CD83C689E /* SwapExerciseSheet.swift in Sources */ = {isa = PBXBuildFile; fileRef = 84A1A2830024B58E9E9D7197 /* SwapExerciseSheet.swift */; };
		08A8F85F47CCD69569DBAFC1 /* HealthKitManager.swift in Sources */ = {isa = PBXBuildFile; fileRef = 6B6EF1B7EFB932C65DA7EA71 /* HealthKitManager.swift */; };
		0903375899CFBB5DA472E924 /* ApexWatchApp.swift in Sources */ = {isa = PBXBuildFile; fileRef = 29A428C3DFC4F73E20ED3421 /* ApexWatchApp.swift */; };
		09BFAB66E82950A9E7E2BB78 /* BodyCompositionView.swift in Sources */ = {isa = PBXBuildFile; fileRef = 90337467BDC4143EB9231C9B /* BodyCompositionView.swift */; };
		0AB5FF0B2A07C193347DE094 /* BackendClient.swift in Sources */ = {isa = PBXBuildFile; fileRef = B4E66AE3A42892E8E4153907 /* BackendClient.swift */; };
		0C6C062D385DB17815448331 /* MetricColors.swift in Sources */ = {isa = PBXBuildFile; fileRef = 6DDFC1FE93588C19A87A79C3 /* MetricColors.swift */; };
		0D9E95D61B8731FE54F7C260 /* ApexWidget.appex in Embed Foundation Extensions */ = {isa = PBXBuildFile; fileRef = 81AAEDC457D97B1EFF7576CA /* ApexWidget.appex */; settings = {ATTRIBUTES = (RemoveHeadersOnCopy, ); }; };
		0E98F02BED72F92AD37DBFF9 /* OnboardingView.swift in Sources */ = {isa = PBXBuildFile; fileRef = 754A60D104BB37520752F315 /* OnboardingView.swift */; };
		0ECE3E1166703807D161E527 /* ApexWatch.app in Embed Watch Content */ = {isa = PBXBuildFile; fileRef = BDB4907A302A7EB9BC3AE081 /* ApexWatch.app */; settings = {ATTRIBUTES = (RemoveHeadersOnCopy, ); }; };
		0F46B3672742F539EF50555D /* WeightTrainingView.swift in Sources */ = {isa = PBXBuildFile; fileRef = F39C9FFFB8CAF1B8E75A3ECD /* WeightTrainingView.swift */; };
		1042B7477E174BAEAB5DF5BD /* Keychain.swift in Sources */ = {isa = PBXBuildFile; fileRef = A92D6E29026301A8CBC351FF /* Keychain.swift */; };
		171FF970FDD875ED01FA03D7 /* MetricStyledTiles.swift in Sources */ = {isa = PBXBuildFile; fileRef = 00E110C6129E39FDB7141FEB /* MetricStyledTiles.swift */; };
		1756E84C3A0A0157979643F6 /* SessionLoadTests.swift in Sources */ = {isa = PBXBuildFile; fileRef = E34E9B77B5A6EED2A7D75D18 /* SessionLoadTests.swift */; };
		1B57892F4D7C826275265F3A /* RoutineView.swift in Sources */ = {isa = PBXBuildFile; fileRef = 588F608DCC40E95DD8647E18 /* RoutineView.swift */; };
		1F380792F6095C4802712F0B /* TrainingLoadCard.swift in Sources */ = {isa = PBXBuildFile; fileRef = 44C5D570EA6243B6B67E2AEA /* TrainingLoadCard.swift */; };
		1FA704E8DE4CBF215A5A2199 /* MetricCalendarTests.swift in Sources */ = {isa = PBXBuildFile; fileRef = AF2A5B1EE522BBB3AD980C17 /* MetricCalendarTests.swift */; };
		1FD786A0267CFF8FB9A1C448 /* RoutineViewModel.swift in Sources */ = {isa = PBXBuildFile; fileRef = 14E0C93B42F7A793365F6D7D /* RoutineViewModel.swift */; };
		24D70BCA0D5B304199E81A88 /* BackgroundRefresh.swift in Sources */ = {isa = PBXBuildFile; fileRef = 3487467E1969D8FC02F39D3F /* BackgroundRefresh.swift */; };
		29761C6B9AC1EB8BD2D69FCB /* DailySnapshotStore.swift in Sources */ = {isa = PBXBuildFile; fileRef = 5F76B9B06D62C837E5C1647D /* DailySnapshotStore.swift */; };
		2D5F4AEBEB4D0D949780EF4C /* PersonalRecordsView.swift in Sources */ = {isa = PBXBuildFile; fileRef = 2E6365D4F6FE91F2ABAA5891 /* PersonalRecordsView.swift */; };
		2FD5C1A5F77B0E9F234D532F /* PhoneConnectivityManager.swift in Sources */ = {isa = PBXBuildFile; fileRef = 1D65A3BD8BE6F51776E6070A /* PhoneConnectivityManager.swift */; };
		322390A0882DBEDF36E6309F /* WorkoutHistoryView.swift in Sources */ = {isa = PBXBuildFile; fileRef = 5E755A8A669E92EB89A93F2A /* WorkoutHistoryView.swift */; };
		32CD2F8609515285004E1FE3 /* ExerciseSwapperTests.swift in Sources */ = {isa = PBXBuildFile; fileRef = 0EB428E2B586B1CF6CB605A8 /* ExerciseSwapperTests.swift */; };
		335FBF45FA0D90D7DDBA5142 /* VO2MaxEstimator.swift in Sources */ = {isa = PBXBuildFile; fileRef = 48E4E0D4C2D8D482779E6B19 /* VO2MaxEstimator.swift */; };
		34BEA5DEC1EEDA5673829CFF /* VO2MaxStalenessTests.swift in Sources */ = {isa = PBXBuildFile; fileRef = E04B08A284D4E03379DA933E /* VO2MaxStalenessTests.swift */; };
		35E8AE780B879EE68C1D32FE /* SleepDetailView.swift in Sources */ = {isa = PBXBuildFile; fileRef = 3711C7634C698D2C39E28A17 /* SleepDetailView.swift */; };
		37B98D0A71E0A409E9ACD2F8 /* AIInsight.swift in Sources */ = {isa = PBXBuildFile; fileRef = 4D98E51CB174C34F4540BEF9 /* AIInsight.swift */; };
		37FBA2E6D5E00ACF0448054C /* TrainingLoadDetailView.swift in Sources */ = {isa = PBXBuildFile; fileRef = 9E501BD5E0A0BECBF744DA80 /* TrainingLoadDetailView.swift */; };
		3C01FA445D20523548A46364 /* ApexProSheet.swift in Sources */ = {isa = PBXBuildFile; fileRef = 6F6F4DFE032D2AA4A034C2FF /* ApexProSheet.swift */; };
		3CDE3E09328728D2664CC01E /* ActivityDetailView.swift in Sources */ = {isa = PBXBuildFile; fileRef = E047B9005F665F6A81A99766 /* ActivityDetailView.swift */; };
		3E7E4352AD9F50A7E24C5861 /* MetricColorsTests.swift in Sources */ = {isa = PBXBuildFile; fileRef = 88B408E960980ABB2B4C3628 /* MetricColorsTests.swift */; };
		3ED2669B442CE287EDF18AE6 /* StravaAuth.swift in Sources */ = {isa = PBXBuildFile; fileRef = 41370B6763ED9B455FB1DFBE /* StravaAuth.swift */; };
		4052010EDC7E1448525EC9DE /* LiveActivityView.swift in Sources */ = {isa = PBXBuildFile; fileRef = 7B470F268FED90132B9811D6 /* LiveActivityView.swift */; };
		410EBDBCBF1E33B2B5DB21C4 /* WatchConnectivityManager.swift in Sources */ = {isa = PBXBuildFile; fileRef = 75E33342C3C5F94F4BF061BB /* WatchConnectivityManager.swift */; };
		4136AD73627261F18E678411 /* WorkoutLogSession.swift in Sources */ = {isa = PBXBuildFile; fileRef = BED5F20A376BEEBB2933AB42 /* WorkoutLogSession.swift */; };
		42D6822A661F262B432F3DD6 /* StravaActivityFixture.swift in Sources */ = {isa = PBXBuildFile; fileRef = 937343D1AD328D38F1AEA9C7 /* StravaActivityFixture.swift */; };
		4353D4F6B5F1F6B98E2C4C38 /* SleepCard.swift in Sources */ = {isa = PBXBuildFile; fileRef = 0DDB8DDED711F995D4DA916C /* SleepCard.swift */; };
		452C0E7B8F69EC72175A393B /* WatchDashboardView.swift in Sources */ = {isa = PBXBuildFile; fileRef = E12622C664CC2B3EF7150C91 /* WatchDashboardView.swift */; };
		45DFAF50C68DAC998E0265FD /* BodyBatteryCacheTests.swift in Sources */ = {isa = PBXBuildFile; fileRef = 7B432670E2ACFA40943CB349 /* BodyBatteryCacheTests.swift */; };
		47A425DBDBA6094144BC9328 /* SeriesOrderTests.swift in Sources */ = {isa = PBXBuildFile; fileRef = 5B1DD76B3E53B371950A0D69 /* SeriesOrderTests.swift */; };
		4BFC6582CF5CA43D50875BED /* WorkoutLog.swift in Sources */ = {isa = PBXBuildFile; fileRef = 262EBE101B99D02A59837B70 /* WorkoutLog.swift */; };
		4D42D978472249EA99ABDEAD /* MetricCalendarView.swift in Sources */ = {isa = PBXBuildFile; fileRef = 80B935AD169367DDA6AAC122 /* MetricCalendarView.swift */; };
		4F84DB32E71DB08394C9FD70 /* SleepFreshnessTests.swift in Sources */ = {isa = PBXBuildFile; fileRef = 9B9FA00BD841944779103E37 /* SleepFreshnessTests.swift */; };
		4F9DC5AE63D9EC8EAA9C3D58 /* NotificationManager.swift in Sources */ = {isa = PBXBuildFile; fileRef = 84F95477213FB0DE9EB839EF /* NotificationManager.swift */; };
		527BF03B0C7872C190CB549E /* MetricCalendarData.swift in Sources */ = {isa = PBXBuildFile; fileRef = C3DF486B29307AC2B3E66B95 /* MetricCalendarData.swift */; };
		537BAD86BCB2ADF2DB7AC53F /* EditHealthPageView.swift in Sources */ = {isa = PBXBuildFile; fileRef = D0C2D135889BA724867BEBEB /* EditHealthPageView.swift */; };
		57FCB03479DE95C9B20CA4F1 /* BodyBatteryStore.swift in Sources */ = {isa = PBXBuildFile; fileRef = 0221011D637CBB3132A3C28F /* BodyBatteryStore.swift */; };
		58AC9066B969DD4521E73CFD /* Assets.xcassets in Resources */ = {isa = PBXBuildFile; fileRef = 116DEF7F3E2E27AADEA835B4 /* Assets.xcassets */; };
		5959F0CE51CF3DF938600C5A /* TrainingMetrics.swift in Sources */ = {isa = PBXBuildFile; fileRef = 9CA05CE06DA7D0D8487B6525 /* TrainingMetrics.swift */; };
		5995891A086AEAE25FE2E1B2 /* BiologicalAgeDetailView.swift in Sources */ = {isa = PBXBuildFile; fileRef = 772C231E1EF6F463B0630868 /* BiologicalAgeDetailView.swift */; };
		5A367450B82B9B33950806A1 /* WatchDashboardData.swift in Sources */ = {isa = PBXBuildFile; fileRef = 420D0988C7E57354663C75AD /* WatchDashboardData.swift */; };
		5B1ABED22F673424F1B48351 /* PromptSafetyTests.swift in Sources */ = {isa = PBXBuildFile; fileRef = 04659271F9806B8400DF0F55 /* PromptSafetyTests.swift */; };
		5BEBD4D9DDD2C0F31F65DB10 /* DeviceAuth.swift in Sources */ = {isa = PBXBuildFile; fileRef = 0E8C95A547E083280FBF8C24 /* DeviceAuth.swift */; };
		5F66B03ED35EF2F60F49A293 /* TrainingMetricsTests.swift in Sources */ = {isa = PBXBuildFile; fileRef = F96D25617D324C362F8E34FC /* TrainingMetricsTests.swift */; };
		6503B2038F56FC9AC18C4D8F /* Routine.swift in Sources */ = {isa = PBXBuildFile; fileRef = DFDA0F7DAA57EB3FA5AA07D6 /* Routine.swift */; };
		6D0E2A099C818BE5BB8FA14A /* RecoveryDetailView.swift in Sources */ = {isa = PBXBuildFile; fileRef = 79B376466691D0445B83B9F5 /* RecoveryDetailView.swift */; };
		6E0553C0BB3EAD34C49CF7CB /* InsightsView.swift in Sources */ = {isa = PBXBuildFile; fileRef = 5B29A7E2D63C7414E34B5E82 /* InsightsView.swift */; };
		7275A377C537A1FB8286F0BE /* WorkoutLogStore.swift in Sources */ = {isa = PBXBuildFile; fileRef = B8EC660AD3076205E1BF524F /* WorkoutLogStore.swift */; };
		7486E200DC9C0416E96240FB /* ExerciseProgressSheet.swift in Sources */ = {isa = PBXBuildFile; fileRef = C8A87CB35F248ADF6EB9BD8E /* ExerciseProgressSheet.swift */; };
		76894EC496D5F1BB3F40D132 /* WatchMetricsView.swift in Sources */ = {isa = PBXBuildFile; fileRef = 80F6286BC0DDD85727CBB683 /* WatchMetricsView.swift */; };
		7A496A0733FDF68E88C87544 /* RootView.swift in Sources */ = {isa = PBXBuildFile; fileRef = 9C8F99C86532776D9A595C37 /* RootView.swift */; };
		7BF3896864CAC7D646C05CB2 /* ActivitiesView.swift in Sources */ = {isa = PBXBuildFile; fileRef = 99ECE6F7F284B1CC63A82394 /* ActivitiesView.swift */; };
		7F26173322E50A83975C2405 /* MainTabView.swift in Sources */ = {isa = PBXBuildFile; fileRef = 88E4488AD8E9837A8F50CF0F /* MainTabView.swift */; };
		86EA1312B9941883E35F989C /* AITextCard.swift in Sources */ = {isa = PBXBuildFile; fileRef = 7BE23248C10E9BC45A6CBB62 /* AITextCard.swift */; };
		898E20BDB5FD62C506097C7F /* DashboardViewModel.swift in Sources */ = {isa = PBXBuildFile; fileRef = 1A2DD8E3C962D4FEE1B6756F /* DashboardViewModel.swift */; };
		8AF7CC3E2772E77A7BC2D57E /* HealthData.swift in Sources */ = {isa = PBXBuildFile; fileRef = 8E1CB8BADCFD84F2359D60A2 /* HealthData.swift */; };
		9186FF434C8621706D5D6A43 /* ActivityStatsView.swift in Sources */ = {isa = PBXBuildFile; fileRef = 35FF2E339B10BE1D133BFB61 /* ActivityStatsView.swift */; };
		92BD0E10962F97447DF8BA80 /* WatchDashboardData.swift in Sources */ = {isa = PBXBuildFile; fileRef = 420D0988C7E57354663C75AD /* WatchDashboardData.swift */; };
		93E74C454D6D3DCBB2DB2A55 /* Activity.swift in Sources */ = {isa = PBXBuildFile; fileRef = 05F21291A955A7B08A5F92C1 /* Activity.swift */; };
		9CE0AEB6A39A9430229399C4 /* EffortDetailView.swift in Sources */ = {isa = PBXBuildFile; fileRef = 0F33426E91D5809804AAF0C2 /* EffortDetailView.swift */; };
		9D0CD2E6DECB3786C153589D /* TrendSparkline.swift in Sources */ = {isa = PBXBuildFile; fileRef = 23B00B0605BDC8B026E56BF6 /* TrendSparkline.swift */; };
		A388CF94C564DF10E083D070 /* HealthView.swift in Sources */ = {isa = PBXBuildFile; fileRef = F417BA50CB365A1774F285F6 /* HealthView.swift */; };
		A3EA3F7EFF380248F6820678 /* ApexApp.swift in Sources */ = {isa = PBXBuildFile; fileRef = 617E891BEB613EFBDF031303 /* ApexApp.swift */; };
		A8C4F334F571D893C7C9B96F /* ApexWidget.swift in Sources */ = {isa = PBXBuildFile; fileRef = 3CFDF1E3D4B38B7D9645C799 /* ApexWidget.swift */; };
		B1FCF8BD35AF13D7BD9F02DE /* RoutineProgressStore.swift in Sources */ = {isa = PBXBuildFile; fileRef = 6D6B47C4A6F4B5FC7DF83EE5 /* RoutineProgressStore.swift */; };
		B2513318DD327D8CE70286A7 /* BodyBatteryDetailView.swift in Sources */ = {isa = PBXBuildFile; fileRef = A83816945191FDA883FEDF0B /* BodyBatteryDetailView.swift */; };
		B299C31E8FEC72618458A065 /* UserProfileManager.swift in Sources */ = {isa = PBXBuildFile; fileRef = BF755D279BC97FD0AD59B978 /* UserProfileManager.swift */; };
		B2F36CA794FFB1FFD9D2C7DD /* DashboardView.swift in Sources */ = {isa = PBXBuildFile; fileRef = C3DA5C81DAE39EFD8E208A8E /* DashboardView.swift */; };
		B5848EBE45A36A5E42EB3B2E /* SmartTipBanner.swift in Sources */ = {isa = PBXBuildFile; fileRef = BA8104DA37D19A942B47E271 /* SmartTipBanner.swift */; };
		B9DEE5ED14C5450EC7460F8B /* HealthLayout.swift in Sources */ = {isa = PBXBuildFile; fileRef = A7E2CE3201CB2C882BD27556 /* HealthLayout.swift */; };
		BCCDD7B9E2814C098EBB9BD7 /* ApexLogo.swift in Sources */ = {isa = PBXBuildFile; fileRef = 36D74569B2AAD248B9B50035 /* ApexLogo.swift */; };
		C04D77A817001F87BEDE22A5 /* FitnessAgeTests.swift in Sources */ = {isa = PBXBuildFile; fileRef = BF1743C0689451AD5241E5A4 /* FitnessAgeTests.swift */; };
		C17FAF211C25302C0130DC0E /* StravaSecrets.example.plist in Resources */ = {isa = PBXBuildFile; fileRef = 27BE0E5F42E910E1195161B5 /* StravaSecrets.example.plist */; };
		C1C424B764AD8253D93FCB48 /* AIService.swift in Sources */ = {isa = PBXBuildFile; fileRef = 7085B67C96F3791C8445CD73 /* AIService.swift */; };
		C7F187D963AFFF075DB59168 /* StartActivitySheet.swift in Sources */ = {isa = PBXBuildFile; fileRef = 3A4C69AB6473F5BC5F1AE98C /* StartActivitySheet.swift */; };
		CB2A78976B45E0B246A06999 /* QuickMetricsGrid.swift in Sources */ = {isa = PBXBuildFile; fileRef = 17C3423750318DBB20D9A8C3 /* QuickMetricsGrid.swift */; };
		CBFF27254CC175DB8D31A814 /* StravaAPI.swift in Sources */ = {isa = PBXBuildFile; fileRef = 8039A0B056518A564A0AF7F2 /* StravaAPI.swift */; };
		CCD82D8EA700D77734BA74B1 /* WatchDashboardData.swift in Sources */ = {isa = PBXBuildFile; fileRef = 420D0988C7E57354663C75AD /* WatchDashboardData.swift */; };
		CDD3798E6007E7922E760E15 /* WatchActivitiesView.swift in Sources */ = {isa = PBXBuildFile; fileRef = 75DFA1B591B1EC4769347A1B /* WatchActivitiesView.swift */; };
		D2ACC19278D754ADE1E31BE4 /* StressDetailView.swift in Sources */ = {isa = PBXBuildFile; fileRef = 87B3B74F5EFB6A9969BAF19C /* StressDetailView.swift */; };
		D3360CD651D3D2C4755F9E12 /* ExerciseSwapper.swift in Sources */ = {isa = PBXBuildFile; fileRef = 39BFB30ED4A303F935A2446E /* ExerciseSwapper.swift */; };
		DE0F638D99C058F5AF1952D6 /* ExerciseProgressionView.swift in Sources */ = {isa = PBXBuildFile; fileRef = 3D8AE1EFA5B2391EA1947753 /* ExerciseProgressionView.swift */; };
		E0916FF9B9A23C1A1B655DA2 /* StressRecoveryEffortRow.swift in Sources */ = {isa = PBXBuildFile; fileRef = 8C305AC858A30B735C9D6518 /* StressRecoveryEffortRow.swift */; };
		E284426F05ED82746B9C70FF /* MetricColors.swift in Sources */ = {isa = PBXBuildFile; fileRef = 6DDFC1FE93588C19A87A79C3 /* MetricColors.swift */; };
		E4600BAE7DC219CEF9DE1354 /* RoutineAISheet.swift in Sources */ = {isa = PBXBuildFile; fileRef = 1A38CD8F940C1CBCF0C97148 /* RoutineAISheet.swift */; };
		E597A64714DDFA6DAB75B7C8 /* DailySnapshotStoreTests.swift in Sources */ = {isa = PBXBuildFile; fileRef = B2DDF406A5C0537227EF9EC5 /* DailySnapshotStoreTests.swift */; };
		E84BF498D110F931D4F79242 /* RunAIAnalysisCard.swift in Sources */ = {isa = PBXBuildFile; fileRef = 7E99751B63AB5AAE7641F8FD /* RunAIAnalysisCard.swift */; };
		EBA9C57B2E029BAB9B79E2FF /* DailyMetricsRecorder.swift in Sources */ = {isa = PBXBuildFile; fileRef = B0770FF0039B1EC493AC273B /* DailyMetricsRecorder.swift */; };
		EBC85D912F711961F75E32CA /* HealthDayDetailView.swift in Sources */ = {isa = PBXBuildFile; fileRef = 70D1E5096476CDF79CF1D14F /* HealthDayDetailView.swift */; };
		EBE0000FDA3CE47DFFFA5590 /* DailyAnalysisGatingTests.swift in Sources */ = {isa = PBXBuildFile; fileRef = ECB414A56B53AB050720950D /* DailyAnalysisGatingTests.swift */; };
		ED07C5B3D748673883BA7990 /* SleepSessionMergeTests.swift in Sources */ = {isa = PBXBuildFile; fileRef = 6082614E2B52F824E67814DA /* SleepSessionMergeTests.swift */; };
		F0A2D0A415454811EF70EDA2 /* MetricColors.swift in Sources */ = {isa = PBXBuildFile; fileRef = 6DDFC1FE93588C19A87A79C3 /* MetricColors.swift */; };
		F1460305CC88C6AB5326DBEB /* ActivityTracker.swift in Sources */ = {isa = PBXBuildFile; fileRef = 2325B077EAC479002B9505EA /* ActivityTracker.swift */; };
		F1CB9CB37D89103771258830 /* VO2MaxEstimatorTests.swift in Sources */ = {isa = PBXBuildFile; fileRef = 2C8CD34D2CFDC45EB32C055B /* VO2MaxEstimatorTests.swift */; };
		F34E969E41CB652EDA9B3B9B /* WatchBatteryView.swift in Sources */ = {isa = PBXBuildFile; fileRef = 1A00622900A0532E9DDD6448 /* WatchBatteryView.swift */; };
		F35512393C579D7E2C57F09F /* WeightEntrySheet.swift in Sources */ = {isa = PBXBuildFile; fileRef = D41194928CA6F01ADE830D6F /* WeightEntrySheet.swift */; };
		F489847B015CA5AF4449CEE2 /* MetricDetailComponents.swift in Sources */ = {isa = PBXBuildFile; fileRef = C93845D961CD8A44F52CED10 /* MetricDetailComponents.swift */; };
		F4EF52685A79BDEA7719E2F6 /* CoachChatView.swift in Sources */ = {isa = PBXBuildFile; fileRef = 0D00BB0B41C709710EDE02FE /* CoachChatView.swift */; };
		F5C6E4F8473B6EB1E85012DE /* HeartRateZonesView.swift in Sources */ = {isa = PBXBuildFile; fileRef = 22D49CA2C42043D68700404D /* HeartRateZonesView.swift */; };
		F6A4FA85D01C7CFACA0B0460 /* MetricDetailView.swift in Sources */ = {isa = PBXBuildFile; fileRef = 3B100FBA34C57632B13983D0 /* MetricDetailView.swift */; };
		FB84BE5B4D5736DA875CCA27 /* ProfileSheet.swift in Sources */ = {isa = PBXBuildFile; fileRef = EB567180C187EF78A5DBE686 /* ProfileSheet.swift */; };
		FD7932B96D799FD99C2DA877 /* EditExerciseSheet.swift in Sources */ = {isa = PBXBuildFile; fileRef = 81F597DE06694FA79047E2CA /* EditExerciseSheet.swift */; };
/* End PBXBuildFile section */

/* Begin PBXContainerItemProxy section */
		38A2D8F1FCD000EE2736C46C /* PBXContainerItemProxy */ = {
			isa = PBXContainerItemProxy;
			containerPortal = 4E8EADB5E201ECDB1BDB1208 /* Project object */;
			proxyType = 1;
			remoteGlobalIDString = C3A61A3316FF0E5FFDB48BC5;
			remoteInfo = Apex;
		};
		6510B8471F6060A3548950FD /* PBXContainerItemProxy */ = {
			isa = PBXContainerItemProxy;
			containerPortal = 4E8EADB5E201ECDB1BDB1208 /* Project object */;
			proxyType = 1;
			remoteGlobalIDString = F008144B32C10A8B5058C9C6;
			remoteInfo = ApexWidget;
		};
		8DD67B6F88630CFDC636751B /* PBXContainerItemProxy */ = {
			isa = PBXContainerItemProxy;
			containerPortal = 4E8EADB5E201ECDB1BDB1208 /* Project object */;
			proxyType = 1;
			remoteGlobalIDString = ECD6F718E8BC9DCBA4799414;
			remoteInfo = ApexWatch;
		};
/* End PBXContainerItemProxy section */

/* Begin PBXCopyFilesBuildPhase section */
		6BDA7D8CF3C1051BC0D3E2BF /* Embed Foundation Extensions */ = {
			isa = PBXCopyFilesBuildPhase;
			buildActionMask = 2147483647;
			dstPath = "";
			dstSubfolderSpec = 13;
			files = (
				0D9E95D61B8731FE54F7C260 /* ApexWidget.appex in Embed Foundation Extensions */,
			);
			name = "Embed Foundation Extensions";
			runOnlyForDeploymentPostprocessing = 0;
		};
		EA83EB34DAC1E25385317B96 /* Embed Watch Content */ = {
			isa = PBXCopyFilesBuildPhase;
			buildActionMask = 2147483647;
			dstPath = "$(CONTENTS_FOLDER_PATH)/Watch";
			dstSubfolderSpec = 16;
			files = (
				0ECE3E1166703807D161E527 /* ApexWatch.app in Embed Watch Content */,
			);
			name = "Embed Watch Content";
			runOnlyForDeploymentPostprocessing = 0;
		};
/* End PBXCopyFilesBuildPhase section */

/* Begin PBXFileReference section */
		00E110C6129E39FDB7141FEB /* MetricStyledTiles.swift */ = {isa = PBXFileReference; lastKnownFileType = sourcecode.swift; path = MetricStyledTiles.swift; sourceTree = "<group>"; };
		0221011D637CBB3132A3C28F /* BodyBatteryStore.swift */ = {isa = PBXFileReference; lastKnownFileType = sourcecode.swift; path = BodyBatteryStore.swift; sourceTree = "<group>"; };
		04659271F9806B8400DF0F55 /* PromptSafetyTests.swift */ = {isa = PBXFileReference; lastKnownFileType = sourcecode.swift; path = PromptSafetyTests.swift; sourceTree = "<group>"; };
		05F21291A955A7B08A5F92C1 /* Activity.swift */ = {isa = PBXFileReference; lastKnownFileType = sourcecode.swift; path = Activity.swift; sourceTree = "<group>"; };
		0D00BB0B41C709710EDE02FE /* CoachChatView.swift */ = {isa = PBXFileReference; lastKnownFileType = sourcecode.swift; path = CoachChatView.swift; sourceTree = "<group>"; };
		0DDB8DDED711F995D4DA916C /* SleepCard.swift */ = {isa = PBXFileReference; lastKnownFileType = sourcecode.swift; path = SleepCard.swift; sourceTree = "<group>"; };
		0E8C95A547E083280FBF8C24 /* DeviceAuth.swift */ = {isa = PBXFileReference; lastKnownFileType = sourcecode.swift; path = DeviceAuth.swift; sourceTree = "<group>"; };
		0EB428E2B586B1CF6CB605A8 /* ExerciseSwapperTests.swift */ = {isa = PBXFileReference; lastKnownFileType = sourcecode.swift; path = ExerciseSwapperTests.swift; sourceTree = "<group>"; };
		0F1EB6384FCBDC0036C04CFB /* ApexWidget.entitlements */ = {isa = PBXFileReference; lastKnownFileType = text.plist.entitlements; path = ApexWidget.entitlements; sourceTree = "<group>"; };
		0F33426E91D5809804AAF0C2 /* EffortDetailView.swift */ = {isa = PBXFileReference; lastKnownFileType = sourcecode.swift; path = EffortDetailView.swift; sourceTree = "<group>"; };
		116DEF7F3E2E27AADEA835B4 /* Assets.xcassets */ = {isa = PBXFileReference; lastKnownFileType = folder.assetcatalog; path = Assets.xcassets; sourceTree = "<group>"; };
		14E0C93B42F7A793365F6D7D /* RoutineViewModel.swift */ = {isa = PBXFileReference; lastKnownFileType = sourcecode.swift; path = RoutineViewModel.swift; sourceTree = "<group>"; };
		17C3423750318DBB20D9A8C3 /* QuickMetricsGrid.swift */ = {isa = PBXFileReference; lastKnownFileType = sourcecode.swift; path = QuickMetricsGrid.swift; sourceTree = "<group>"; };
		1A00622900A0532E9DDD6448 /* WatchBatteryView.swift */ = {isa = PBXFileReference; lastKnownFileType = sourcecode.swift; path = WatchBatteryView.swift; sourceTree = "<group>"; };
		1A2DD8E3C962D4FEE1B6756F /* DashboardViewModel.swift */ = {isa = PBXFileReference; lastKnownFileType = sourcecode.swift; path = DashboardViewModel.swift; sourceTree = "<group>"; };
		1A38CD8F940C1CBCF0C97148 /* RoutineAISheet.swift */ = {isa = PBXFileReference; lastKnownFileType = sourcecode.swift; path = RoutineAISheet.swift; sourceTree = "<group>"; };
		1D65A3BD8BE6F51776E6070A /* PhoneConnectivityManager.swift */ = {isa = PBXFileReference; lastKnownFileType = sourcecode.swift; path = PhoneConnectivityManager.swift; sourceTree = "<group>"; };
		22D49CA2C42043D68700404D /* HeartRateZonesView.swift */ = {isa = PBXFileReference; lastKnownFileType = sourcecode.swift; path = HeartRateZonesView.swift; sourceTree = "<group>"; };
		2325B077EAC479002B9505EA /* ActivityTracker.swift */ = {isa = PBXFileReference; lastKnownFileType = sourcecode.swift; path = ActivityTracker.swift; sourceTree = "<group>"; };
		23B00B0605BDC8B026E56BF6 /* TrendSparkline.swift */ = {isa = PBXFileReference; lastKnownFileType = sourcecode.swift; path = TrendSparkline.swift; sourceTree = "<group>"; };
		262EBE101B99D02A59837B70 /* WorkoutLog.swift */ = {isa = PBXFileReference; lastKnownFileType = sourcecode.swift; path = WorkoutLog.swift; sourceTree = "<group>"; };
		27BE0E5F42E910E1195161B5 /* StravaSecrets.example.plist */ = {isa = PBXFileReference; lastKnownFileType = text.plist; path = StravaSecrets.example.plist; sourceTree = "<group>"; };
		29A428C3DFC4F73E20ED3421 /* ApexWatchApp.swift */ = {isa = PBXFileReference; lastKnownFileType = sourcecode.swift; path = ApexWatchApp.swift; sourceTree = "<group>"; };
		2C8CD34D2CFDC45EB32C055B /* VO2MaxEstimatorTests.swift */ = {isa = PBXFileReference; lastKnownFileType = sourcecode.swift; path = VO2MaxEstimatorTests.swift; sourceTree = "<group>"; };
		2E6365D4F6FE91F2ABAA5891 /* PersonalRecordsView.swift */ = {isa = PBXFileReference; lastKnownFileType = sourcecode.swift; path = PersonalRecordsView.swift; sourceTree = "<group>"; };
		3487467E1969D8FC02F39D3F /* BackgroundRefresh.swift */ = {isa = PBXFileReference; lastKnownFileType = sourcecode.swift; path = BackgroundRefresh.swift; sourceTree = "<group>"; };
		35FF2E339B10BE1D133BFB61 /* ActivityStatsView.swift */ = {isa = PBXFileReference; lastKnownFileType = sourcecode.swift; path = ActivityStatsView.swift; sourceTree = "<group>"; };
		36D74569B2AAD248B9B50035 /* ApexLogo.swift */ = {isa = PBXFileReference; lastKnownFileType = sourcecode.swift; path = ApexLogo.swift; sourceTree = "<group>"; };
		3711C7634C698D2C39E28A17 /* SleepDetailView.swift */ = {isa = PBXFileReference; lastKnownFileType = sourcecode.swift; path = SleepDetailView.swift; sourceTree = "<group>"; };
		39BFB30ED4A303F935A2446E /* ExerciseSwapper.swift */ = {isa = PBXFileReference; lastKnownFileType = sourcecode.swift; path = ExerciseSwapper.swift; sourceTree = "<group>"; };
		3A4C69AB6473F5BC5F1AE98C /* StartActivitySheet.swift */ = {isa = PBXFileReference; lastKnownFileType = sourcecode.swift; path = StartActivitySheet.swift; sourceTree = "<group>"; };
		3B100FBA34C57632B13983D0 /* MetricDetailView.swift */ = {isa = PBXFileReference; lastKnownFileType = sourcecode.swift; path = MetricDetailView.swift; sourceTree = "<group>"; };
		3CFDF1E3D4B38B7D9645C799 /* ApexWidget.swift */ = {isa = PBXFileReference; lastKnownFileType = sourcecode.swift; path = ApexWidget.swift; sourceTree = "<group>"; };
		3D8AE1EFA5B2391EA1947753 /* ExerciseProgressionView.swift */ = {isa = PBXFileReference; lastKnownFileType = sourcecode.swift; path = ExerciseProgressionView.swift; sourceTree = "<group>"; };
		3F452B2297871FFE93BBBCF0 /* Info.plist */ = {isa = PBXFileReference; lastKnownFileType = text.plist; path = Info.plist; sourceTree = "<group>"; };
		41370B6763ED9B455FB1DFBE /* StravaAuth.swift */ = {isa = PBXFileReference; lastKnownFileType = sourcecode.swift; path = StravaAuth.swift; sourceTree = "<group>"; };
		420D0988C7E57354663C75AD /* WatchDashboardData.swift */ = {isa = PBXFileReference; lastKnownFileType = sourcecode.swift; path = WatchDashboardData.swift; sourceTree = "<group>"; };
		44C5D570EA6243B6B67E2AEA /* TrainingLoadCard.swift */ = {isa = PBXFileReference; lastKnownFileType = sourcecode.swift; path = TrainingLoadCard.swift; sourceTree = "<group>"; };
		48E4E0D4C2D8D482779E6B19 /* VO2MaxEstimator.swift */ = {isa = PBXFileReference; lastKnownFileType = sourcecode.swift; path = VO2MaxEstimator.swift; sourceTree = "<group>"; };
		4D98E51CB174C34F4540BEF9 /* AIInsight.swift */ = {isa = PBXFileReference; lastKnownFileType = sourcecode.swift; path = AIInsight.swift; sourceTree = "<group>"; };
		55DAD81B00BA688F089A40F3 /* Apex.app */ = {isa = PBXFileReference; includeInIndex = 0; lastKnownFileType = wrapper.application; path = Apex.app; sourceTree = BUILT_PRODUCTS_DIR; };
		588F608DCC40E95DD8647E18 /* RoutineView.swift */ = {isa = PBXFileReference; lastKnownFileType = sourcecode.swift; path = RoutineView.swift; sourceTree = "<group>"; };
		5B1DD76B3E53B371950A0D69 /* SeriesOrderTests.swift */ = {isa = PBXFileReference; lastKnownFileType = sourcecode.swift; path = SeriesOrderTests.swift; sourceTree = "<group>"; };
		5B29A7E2D63C7414E34B5E82 /* InsightsView.swift */ = {isa = PBXFileReference; lastKnownFileType = sourcecode.swift; path = InsightsView.swift; sourceTree = "<group>"; };
		5E755A8A669E92EB89A93F2A /* WorkoutHistoryView.swift */ = {isa = PBXFileReference; lastKnownFileType = sourcecode.swift; path = WorkoutHistoryView.swift; sourceTree = "<group>"; };
		5F76B9B06D62C837E5C1647D /* DailySnapshotStore.swift */ = {isa = PBXFileReference; lastKnownFileType = sourcecode.swift; path = DailySnapshotStore.swift; sourceTree = "<group>"; };
		6082614E2B52F824E67814DA /* SleepSessionMergeTests.swift */ = {isa = PBXFileReference; lastKnownFileType = sourcecode.swift; path = SleepSessionMergeTests.swift; sourceTree = "<group>"; };
		617E891BEB613EFBDF031303 /* ApexApp.swift */ = {isa = PBXFileReference; lastKnownFileType = sourcecode.swift; path = ApexApp.swift; sourceTree = "<group>"; };
		694E71D7521E44FBE01566E7 /* Info.plist */ = {isa = PBXFileReference; lastKnownFileType = text.plist; path = Info.plist; sourceTree = "<group>"; };
		6B6EF1B7EFB932C65DA7EA71 /* HealthKitManager.swift */ = {isa = PBXFileReference; lastKnownFileType = sourcecode.swift; path = HealthKitManager.swift; sourceTree = "<group>"; };
		6D6B47C4A6F4B5FC7DF83EE5 /* RoutineProgressStore.swift */ = {isa = PBXFileReference; lastKnownFileType = sourcecode.swift; path = RoutineProgressStore.swift; sourceTree = "<group>"; };
		6DDFC1FE93588C19A87A79C3 /* MetricColors.swift */ = {isa = PBXFileReference; lastKnownFileType = sourcecode.swift; path = MetricColors.swift; sourceTree = "<group>"; };
		6F6F4DFE032D2AA4A034C2FF /* ApexProSheet.swift */ = {isa = PBXFileReference; lastKnownFileType = sourcecode.swift; path = ApexProSheet.swift; sourceTree = "<group>"; };
		7085B67C96F3791C8445CD73 /* AIService.swift */ = {isa = PBXFileReference; lastKnownFileType = sourcecode.swift; path = AIService.swift; sourceTree = "<group>"; };
		70D1E5096476CDF79CF1D14F /* HealthDayDetailView.swift */ = {isa = PBXFileReference; lastKnownFileType = sourcecode.swift; path = HealthDayDetailView.swift; sourceTree = "<group>"; };
		754A60D104BB37520752F315 /* OnboardingView.swift */ = {isa = PBXFileReference; lastKnownFileType = sourcecode.swift; path = OnboardingView.swift; sourceTree = "<group>"; };
		75DFA1B591B1EC4769347A1B /* WatchActivitiesView.swift */ = {isa = PBXFileReference; lastKnownFileType = sourcecode.swift; path = WatchActivitiesView.swift; sourceTree = "<group>"; };
		75E33342C3C5F94F4BF061BB /* WatchConnectivityManager.swift */ = {isa = PBXFileReference; lastKnownFileType = sourcecode.swift; path = WatchConnectivityManager.swift; sourceTree = "<group>"; };
		772C231E1EF6F463B0630868 /* BiologicalAgeDetailView.swift */ = {isa = PBXFileReference; lastKnownFileType = sourcecode.swift; path = BiologicalAgeDetailView.swift; sourceTree = "<group>"; };
		79B376466691D0445B83B9F5 /* RecoveryDetailView.swift */ = {isa = PBXFileReference; lastKnownFileType = sourcecode.swift; path = RecoveryDetailView.swift; sourceTree = "<group>"; };
		7B432670E2ACFA40943CB349 /* BodyBatteryCacheTests.swift */ = {isa = PBXFileReference; lastKnownFileType = sourcecode.swift; path = BodyBatteryCacheTests.swift; sourceTree = "<group>"; };
		7B470F268FED90132B9811D6 /* LiveActivityView.swift */ = {isa = PBXFileReference; lastKnownFileType = sourcecode.swift; path = LiveActivityView.swift; sourceTree = "<group>"; };
		7BE23248C10E9BC45A6CBB62 /* AITextCard.swift */ = {isa = PBXFileReference; lastKnownFileType = sourcecode.swift; path = AITextCard.swift; sourceTree = "<group>"; };
		7E99751B63AB5AAE7641F8FD /* RunAIAnalysisCard.swift */ = {isa = PBXFileReference; lastKnownFileType = sourcecode.swift; path = RunAIAnalysisCard.swift; sourceTree = "<group>"; };
		8039A0B056518A564A0AF7F2 /* StravaAPI.swift */ = {isa = PBXFileReference; lastKnownFileType = sourcecode.swift; path = StravaAPI.swift; sourceTree = "<group>"; };
		80B935AD169367DDA6AAC122 /* MetricCalendarView.swift */ = {isa = PBXFileReference; lastKnownFileType = sourcecode.swift; path = MetricCalendarView.swift; sourceTree = "<group>"; };
		80F6286BC0DDD85727CBB683 /* WatchMetricsView.swift */ = {isa = PBXFileReference; lastKnownFileType = sourcecode.swift; path = WatchMetricsView.swift; sourceTree = "<group>"; };
		81AAEDC457D97B1EFF7576CA /* ApexWidget.appex */ = {isa = PBXFileReference; includeInIndex = 0; lastKnownFileType = "wrapper.app-extension"; path = ApexWidget.appex; sourceTree = BUILT_PRODUCTS_DIR; };
		81F597DE06694FA79047E2CA /* EditExerciseSheet.swift */ = {isa = PBXFileReference; lastKnownFileType = sourcecode.swift; path = EditExerciseSheet.swift; sourceTree = "<group>"; };
		84A1A2830024B58E9E9D7197 /* SwapExerciseSheet.swift */ = {isa = PBXFileReference; lastKnownFileType = sourcecode.swift; path = SwapExerciseSheet.swift; sourceTree = "<group>"; };
		84F95477213FB0DE9EB839EF /* NotificationManager.swift */ = {isa = PBXFileReference; lastKnownFileType = sourcecode.swift; path = NotificationManager.swift; sourceTree = "<group>"; };
		87B3B74F5EFB6A9969BAF19C /* StressDetailView.swift */ = {isa = PBXFileReference; lastKnownFileType = sourcecode.swift; path = StressDetailView.swift; sourceTree = "<group>"; };
		88B408E960980ABB2B4C3628 /* MetricColorsTests.swift */ = {isa = PBXFileReference; lastKnownFileType = sourcecode.swift; path = MetricColorsTests.swift; sourceTree = "<group>"; };
		88E4488AD8E9837A8F50CF0F /* MainTabView.swift */ = {isa = PBXFileReference; lastKnownFileType = sourcecode.swift; path = MainTabView.swift; sourceTree = "<group>"; };
		8C305AC858A30B735C9D6518 /* StressRecoveryEffortRow.swift */ = {isa = PBXFileReference; lastKnownFileType = sourcecode.swift; path = StressRecoveryEffortRow.swift; sourceTree = "<group>"; };
		8E1CB8BADCFD84F2359D60A2 /* HealthData.swift */ = {isa = PBXFileReference; lastKnownFileType = sourcecode.swift; path = HealthData.swift; sourceTree = "<group>"; };
		90337467BDC4143EB9231C9B /* BodyCompositionView.swift */ = {isa = PBXFileReference; lastKnownFileType = sourcecode.swift; path = BodyCompositionView.swift; sourceTree = "<group>"; };
		937343D1AD328D38F1AEA9C7 /* StravaActivityFixture.swift */ = {isa = PBXFileReference; lastKnownFileType = sourcecode.swift; path = StravaActivityFixture.swift; sourceTree = "<group>"; };
		99ECE6F7F284B1CC63A82394 /* ActivitiesView.swift */ = {isa = PBXFileReference; lastKnownFileType = sourcecode.swift; path = ActivitiesView.swift; sourceTree = "<group>"; };
		9B9FA00BD841944779103E37 /* SleepFreshnessTests.swift */ = {isa = PBXFileReference; lastKnownFileType = sourcecode.swift; path = SleepFreshnessTests.swift; sourceTree = "<group>"; };
		9C8F99C86532776D9A595C37 /* RootView.swift */ = {isa = PBXFileReference; lastKnownFileType = sourcecode.swift; path = RootView.swift; sourceTree = "<group>"; };
		9CA05CE06DA7D0D8487B6525 /* TrainingMetrics.swift */ = {isa = PBXFileReference; lastKnownFileType = sourcecode.swift; path = TrainingMetrics.swift; sourceTree = "<group>"; };
		9E501BD5E0A0BECBF744DA80 /* TrainingLoadDetailView.swift */ = {isa = PBXFileReference; lastKnownFileType = sourcecode.swift; path = TrainingLoadDetailView.swift; sourceTree = "<group>"; };
		A7E2CE3201CB2C882BD27556 /* HealthLayout.swift */ = {isa = PBXFileReference; lastKnownFileType = sourcecode.swift; path = HealthLayout.swift; sourceTree = "<group>"; };
		A83816945191FDA883FEDF0B /* BodyBatteryDetailView.swift */ = {isa = PBXFileReference; lastKnownFileType = sourcecode.swift; path = BodyBatteryDetailView.swift; sourceTree = "<group>"; };
		A92D6E29026301A8CBC351FF /* Keychain.swift */ = {isa = PBXFileReference; lastKnownFileType = sourcecode.swift; path = Keychain.swift; sourceTree = "<group>"; };
		AF2A5B1EE522BBB3AD980C17 /* MetricCalendarTests.swift */ = {isa = PBXFileReference; lastKnownFileType = sourcecode.swift; path = MetricCalendarTests.swift; sourceTree = "<group>"; };
		B0770FF0039B1EC493AC273B /* DailyMetricsRecorder.swift */ = {isa = PBXFileReference; lastKnownFileType = sourcecode.swift; path = DailyMetricsRecorder.swift; sourceTree = "<group>"; };
		B2DDF406A5C0537227EF9EC5 /* DailySnapshotStoreTests.swift */ = {isa = PBXFileReference; lastKnownFileType = sourcecode.swift; path = DailySnapshotStoreTests.swift; sourceTree = "<group>"; };
		B4E66AE3A42892E8E4153907 /* BackendClient.swift */ = {isa = PBXFileReference; lastKnownFileType = sourcecode.swift; path = BackendClient.swift; sourceTree = "<group>"; };
		B8EC660AD3076205E1BF524F /* WorkoutLogStore.swift */ = {isa = PBXFileReference; lastKnownFileType = sourcecode.swift; path = WorkoutLogStore.swift; sourceTree = "<group>"; };
		BA8104DA37D19A942B47E271 /* SmartTipBanner.swift */ = {isa = PBXFileReference; lastKnownFileType = sourcecode.swift; path = SmartTipBanner.swift; sourceTree = "<group>"; };
		BDB4907A302A7EB9BC3AE081 /* ApexWatch.app */ = {isa = PBXFileReference; explicitFileType = wrapper.application; includeInIndex = 0; path = ApexWatch.app; sourceTree = BUILT_PRODUCTS_DIR; };
		BE7C3F5BC95DECD880ED3FCB /* Info.plist */ = {isa = PBXFileReference; lastKnownFileType = text.plist; path = Info.plist; sourceTree = "<group>"; };
		BED5F20A376BEEBB2933AB42 /* WorkoutLogSession.swift */ = {isa = PBXFileReference; lastKnownFileType = sourcecode.swift; path = WorkoutLogSession.swift; sourceTree = "<group>"; };
		BF1743C0689451AD5241E5A4 /* FitnessAgeTests.swift */ = {isa = PBXFileReference; lastKnownFileType = sourcecode.swift; path = FitnessAgeTests.swift; sourceTree = "<group>"; };
		BF755D279BC97FD0AD59B978 /* UserProfileManager.swift */ = {isa = PBXFileReference; lastKnownFileType = sourcecode.swift; path = UserProfileManager.swift; sourceTree = "<group>"; };
		C3DA5C81DAE39EFD8E208A8E /* DashboardView.swift */ = {isa = PBXFileReference; lastKnownFileType = sourcecode.swift; path = DashboardView.swift; sourceTree = "<group>"; };
		C3DF486B29307AC2B3E66B95 /* MetricCalendarData.swift */ = {isa = PBXFileReference; lastKnownFileType = sourcecode.swift; path = MetricCalendarData.swift; sourceTree = "<group>"; };
		C7C58AE38292797DEA856365 /* Apex.entitlements */ = {isa = PBXFileReference; lastKnownFileType = text.plist.entitlements; path = Apex.entitlements; sourceTree = "<group>"; };
		C8A87CB35F248ADF6EB9BD8E /* ExerciseProgressSheet.swift */ = {isa = PBXFileReference; lastKnownFileType = sourcecode.swift; path = ExerciseProgressSheet.swift; sourceTree = "<group>"; };
		C93845D961CD8A44F52CED10 /* MetricDetailComponents.swift */ = {isa = PBXFileReference; lastKnownFileType = sourcecode.swift; path = MetricDetailComponents.swift; sourceTree = "<group>"; };
		CA030E1B0BAE24F5D9128790 /* ApexTests.xctest */ = {isa = PBXFileReference; includeInIndex = 0; lastKnownFileType = wrapper.cfbundle; path = ApexTests.xctest; sourceTree = BUILT_PRODUCTS_DIR; };
		D0C2D135889BA724867BEBEB /* EditHealthPageView.swift */ = {isa = PBXFileReference; lastKnownFileType = sourcecode.swift; path = EditHealthPageView.swift; sourceTree = "<group>"; };
		D41194928CA6F01ADE830D6F /* WeightEntrySheet.swift */ = {isa = PBXFileReference; lastKnownFileType = sourcecode.swift; path = WeightEntrySheet.swift; sourceTree = "<group>"; };
		DFDA0F7DAA57EB3FA5AA07D6 /* Routine.swift */ = {isa = PBXFileReference; lastKnownFileType = sourcecode.swift; path = Routine.swift; sourceTree = "<group>"; };
		E047B9005F665F6A81A99766 /* ActivityDetailView.swift */ = {isa = PBXFileReference; lastKnownFileType = sourcecode.swift; path = ActivityDetailView.swift; sourceTree = "<group>"; };
		E04B08A284D4E03379DA933E /* VO2MaxStalenessTests.swift */ = {isa = PBXFileReference; lastKnownFileType = sourcecode.swift; path = VO2MaxStalenessTests.swift; sourceTree = "<group>"; };
		E12622C664CC2B3EF7150C91 /* WatchDashboardView.swift */ = {isa = PBXFileReference; lastKnownFileType = sourcecode.swift; path = WatchDashboardView.swift; sourceTree = "<group>"; };
		E34E9B77B5A6EED2A7D75D18 /* SessionLoadTests.swift */ = {isa = PBXFileReference; lastKnownFileType = sourcecode.swift; path = SessionLoadTests.swift; sourceTree = "<group>"; };
		EB567180C187EF78A5DBE686 /* ProfileSheet.swift */ = {isa = PBXFileReference; lastKnownFileType = sourcecode.swift; path = ProfileSheet.swift; sourceTree = "<group>"; };
		ECB414A56B53AB050720950D /* DailyAnalysisGatingTests.swift */ = {isa = PBXFileReference; lastKnownFileType = sourcecode.swift; path = DailyAnalysisGatingTests.swift; sourceTree = "<group>"; };
		F39C9FFFB8CAF1B8E75A3ECD /* WeightTrainingView.swift */ = {isa = PBXFileReference; lastKnownFileType = sourcecode.swift; path = WeightTrainingView.swift; sourceTree = "<group>"; };
		F417BA50CB365A1774F285F6 /* HealthView.swift */ = {isa = PBXFileReference; lastKnownFileType = sourcecode.swift; path = HealthView.swift; sourceTree = "<group>"; };
		F96D25617D324C362F8E34FC /* TrainingMetricsTests.swift */ = {isa = PBXFileReference; lastKnownFileType = sourcecode.swift; path = TrainingMetricsTests.swift; sourceTree = "<group>"; };
/* End PBXFileReference section */

/* Begin PBXGroup section */
		06B061AFC77252364FE80E8E /* Models */ = {
			isa = PBXGroup;
			children = (
				05F21291A955A7B08A5F92C1 /* Activity.swift */,
				4D98E51CB174C34F4540BEF9 /* AIInsight.swift */,
				8E1CB8BADCFD84F2359D60A2 /* HealthData.swift */,
				A7E2CE3201CB2C882BD27556 /* HealthLayout.swift */,
				DFDA0F7DAA57EB3FA5AA07D6 /* Routine.swift */,
				262EBE101B99D02A59837B70 /* WorkoutLog.swift */,
			);
			path = Models;
			sourceTree = "<group>";
		};
		132ABFD2B0A8649401A33741 /* Dashboard */ = {
			isa = PBXGroup;
			children = (
				A83816945191FDA883FEDF0B /* BodyBatteryDetailView.swift */,
				C3DA5C81DAE39EFD8E208A8E /* DashboardView.swift */,
				0F33426E91D5809804AAF0C2 /* EffortDetailView.swift */,
				C93845D961CD8A44F52CED10 /* MetricDetailComponents.swift */,
				17C3423750318DBB20D9A8C3 /* QuickMetricsGrid.swift */,
				79B376466691D0445B83B9F5 /* RecoveryDetailView.swift */,
				0DDB8DDED711F995D4DA916C /* SleepCard.swift */,
				87B3B74F5EFB6A9969BAF19C /* StressDetailView.swift */,
				8C305AC858A30B735C9D6518 /* StressRecoveryEffortRow.swift */,
				44C5D570EA6243B6B67E2AEA /* TrainingLoadCard.swift */,
				9E501BD5E0A0BECBF744DA80 /* TrainingLoadDetailView.swift */,
			);
			path = Dashboard;
			sourceTree = "<group>";
		};
		1B1DA67C24BDDF86376811A6 /* Products */ = {
			isa = PBXGroup;
			children = (
				55DAD81B00BA688F089A40F3 /* Apex.app */,
				CA030E1B0BAE24F5D9128790 /* ApexTests.xctest */,
				BDB4907A302A7EB9BC3AE081 /* ApexWatch.app */,
				81AAEDC457D97B1EFF7576CA /* ApexWidget.appex */,
			);
			name = Products;
			sourceTree = "<group>";
		};
		2F0A7989E5186C26755C1D1D /* Views */ = {
			isa = PBXGroup;
			children = (
				75DFA1B591B1EC4769347A1B /* WatchActivitiesView.swift */,
				1A00622900A0532E9DDD6448 /* WatchBatteryView.swift */,
				E12622C664CC2B3EF7150C91 /* WatchDashboardView.swift */,
				80F6286BC0DDD85727CBB683 /* WatchMetricsView.swift */,
			);
			path = Views;
			sourceTree = "<group>";
		};
		3307656ED946B55184CA6E33 /* ApexTests */ = {
			isa = PBXGroup;
			children = (
				7B432670E2ACFA40943CB349 /* BodyBatteryCacheTests.swift */,
				ECB414A56B53AB050720950D /* DailyAnalysisGatingTests.swift */,
				B2DDF406A5C0537227EF9EC5 /* DailySnapshotStoreTests.swift */,
				0EB428E2B586B1CF6CB605A8 /* ExerciseSwapperTests.swift */,
				BF1743C0689451AD5241E5A4 /* FitnessAgeTests.swift */,
				AF2A5B1EE522BBB3AD980C17 /* MetricCalendarTests.swift */,
				88B408E960980ABB2B4C3628 /* MetricColorsTests.swift */,
				04659271F9806B8400DF0F55 /* PromptSafetyTests.swift */,
				5B1DD76B3E53B371950A0D69 /* SeriesOrderTests.swift */,
				E34E9B77B5A6EED2A7D75D18 /* SessionLoadTests.swift */,
				9B9FA00BD841944779103E37 /* SleepFreshnessTests.swift */,
				6082614E2B52F824E67814DA /* SleepSessionMergeTests.swift */,
				937343D1AD328D38F1AEA9C7 /* StravaActivityFixture.swift */,
				F96D25617D324C362F8E34FC /* TrainingMetricsTests.swift */,
				2C8CD34D2CFDC45EB32C055B /* VO2MaxEstimatorTests.swift */,
				E04B08A284D4E03379DA933E /* VO2MaxStalenessTests.swift */,
			);
			path = ApexTests;
			sourceTree = "<group>";
		};
		36296C652D35D9F9A52061C6 = {
			isa = PBXGroup;
			children = (
				5E0440BC2B1C64CB18172370 /* Sources */,
				FC04D0B9396A6C388E023F8E /* Tests */,
				1B1DA67C24BDDF86376811A6 /* Products */,
			);
			sourceTree = "<group>";
		};
		5A3D53F8B382D3F5F9A4AFC8 /* Health */ = {
			isa = PBXGroup;
			children = (
				772C231E1EF6F463B0630868 /* BiologicalAgeDetailView.swift */,
				90337467BDC4143EB9231C9B /* BodyCompositionView.swift */,
				D0C2D135889BA724867BEBEB /* EditHealthPageView.swift */,
				70D1E5096476CDF79CF1D14F /* HealthDayDetailView.swift */,
				F417BA50CB365A1774F285F6 /* HealthView.swift */,
				22D49CA2C42043D68700404D /* HeartRateZonesView.swift */,
				80B935AD169367DDA6AAC122 /* MetricCalendarView.swift */,
				3711C7634C698D2C39E28A17 /* SleepDetailView.swift */,
				D41194928CA6F01ADE830D6F /* WeightEntrySheet.swift */,
			);
			path = Health;
			sourceTree = "<group>";
		};
		5E0440BC2B1C64CB18172370 /* Sources */ = {
			isa = PBXGroup;
			children = (
				BF837279F5B10B0115062C38 /* Apex */,
				B40ADC0D49DA82B4F1EEE0E3 /* ApexWatch */,
				E1825B1C77C5863699A64DB4 /* ApexWidget */,
				BCA6CD7F6F023E9235D835F2 /* Shared */,
			);
			path = Sources;
			sourceTree = "<group>";
		};
		7BD2FD3CD428532D13DA834B /* Insights */ = {
			isa = PBXGroup;
			children = (
				0D00BB0B41C709710EDE02FE /* CoachChatView.swift */,
				5B29A7E2D63C7414E34B5E82 /* InsightsView.swift */,
			);
			path = Insights;
			sourceTree = "<group>";
		};
		8545000B9AAC11BDBAC0040A /* Services */ = {
			isa = PBXGroup;
			children = (
				2325B077EAC479002B9505EA /* ActivityTracker.swift */,
				7085B67C96F3791C8445CD73 /* AIService.swift */,
				B4E66AE3A42892E8E4153907 /* BackendClient.swift */,
				3487467E1969D8FC02F39D3F /* BackgroundRefresh.swift */,
				0221011D637CBB3132A3C28F /* BodyBatteryStore.swift */,
				B0770FF0039B1EC493AC273B /* DailyMetricsRecorder.swift */,
				5F76B9B06D62C837E5C1647D /* DailySnapshotStore.swift */,
				0E8C95A547E083280FBF8C24 /* DeviceAuth.swift */,
				39BFB30ED4A303F935A2446E /* ExerciseSwapper.swift */,
				6B6EF1B7EFB932C65DA7EA71 /* HealthKitManager.swift */,
				A92D6E29026301A8CBC351FF /* Keychain.swift */,
				C3DF486B29307AC2B3E66B95 /* MetricCalendarData.swift */,
				84F95477213FB0DE9EB839EF /* NotificationManager.swift */,
				1D65A3BD8BE6F51776E6070A /* PhoneConnectivityManager.swift */,
				6D6B47C4A6F4B5FC7DF83EE5 /* RoutineProgressStore.swift */,
				8039A0B056518A564A0AF7F2 /* StravaAPI.swift */,
				41370B6763ED9B455FB1DFBE /* StravaAuth.swift */,
				9CA05CE06DA7D0D8487B6525 /* TrainingMetrics.swift */,
				BF755D279BC97FD0AD59B978 /* UserProfileManager.swift */,
				48E4E0D4C2D8D482779E6B19 /* VO2MaxEstimator.swift */,
				B8EC660AD3076205E1BF524F /* WorkoutLogStore.swift */,
			);
			path = Services;
			sourceTree = "<group>";
		};
		9CC1E65FC7AD9C62C245A7CF /* Activities */ = {
			isa = PBXGroup;
			children = (
				99ECE6F7F284B1CC63A82394 /* ActivitiesView.swift */,
				E047B9005F665F6A81A99766 /* ActivityDetailView.swift */,
				35FF2E339B10BE1D133BFB61 /* ActivityStatsView.swift */,
				3D8AE1EFA5B2391EA1947753 /* ExerciseProgressionView.swift */,
				2E6365D4F6FE91F2ABAA5891 /* PersonalRecordsView.swift */,
				7E99751B63AB5AAE7641F8FD /* RunAIAnalysisCard.swift */,
				5E755A8A669E92EB89A93F2A /* WorkoutHistoryView.swift */,
			);
			path = Activities;
			sourceTree = "<group>";
		};
		9E72107BDD65EFF69F25A2EE /* Shared */ = {
			isa = PBXGroup;
			children = (
				7BE23248C10E9BC45A6CBB62 /* AITextCard.swift */,
				36D74569B2AAD248B9B50035 /* ApexLogo.swift */,
				6F6F4DFE032D2AA4A034C2FF /* ApexProSheet.swift */,
				88E4488AD8E9837A8F50CF0F /* MainTabView.swift */,
				3B100FBA34C57632B13983D0 /* MetricDetailView.swift */,
				00E110C6129E39FDB7141FEB /* MetricStyledTiles.swift */,
				754A60D104BB37520752F315 /* OnboardingView.swift */,
				EB567180C187EF78A5DBE686 /* ProfileSheet.swift */,
				9C8F99C86532776D9A595C37 /* RootView.swift */,
				BA8104DA37D19A942B47E271 /* SmartTipBanner.swift */,
				23B00B0605BDC8B026E56BF6 /* TrendSparkline.swift */,
			);
			path = Shared;
			sourceTree = "<group>";
		};
		B0C0CDA02B7F5FD4DFE26434 /* Resources */ = {
			isa = PBXGroup;
			children = (
				116DEF7F3E2E27AADEA835B4 /* Assets.xcassets */,
				27BE0E5F42E910E1195161B5 /* StravaSecrets.example.plist */,
			);
			path = Resources;
			sourceTree = "<group>";
		};
		B276BAA3DAAFD9E1626B0772 /* Views */ = {
			isa = PBXGroup;
			children = (
				C5156408F811EAB3CAEB2F20 /* ActiveWorkout */,
				9CC1E65FC7AD9C62C245A7CF /* Activities */,
				132ABFD2B0A8649401A33741 /* Dashboard */,
				5A3D53F8B382D3F5F9A4AFC8 /* Health */,
				7BD2FD3CD428532D13DA834B /* Insights */,
				EE179FFE500D43E7B976A12B /* Routine */,
				9E72107BDD65EFF69F25A2EE /* Shared */,
			);
			path = Views;
			sourceTree = "<group>";
		};
		B40ADC0D49DA82B4F1EEE0E3 /* ApexWatch */ = {
			isa = PBXGroup;
			children = (
				2F0A7989E5186C26755C1D1D /* Views */,
				29A428C3DFC4F73E20ED3421 /* ApexWatchApp.swift */,
				BE7C3F5BC95DECD880ED3FCB /* Info.plist */,
				75E33342C3C5F94F4BF061BB /* WatchConnectivityManager.swift */,
			);
			path = ApexWatch;
			sourceTree = "<group>";
		};
		BCA6CD7F6F023E9235D835F2 /* Shared */ = {
			isa = PBXGroup;
			children = (
				6DDFC1FE93588C19A87A79C3 /* MetricColors.swift */,
				420D0988C7E57354663C75AD /* WatchDashboardData.swift */,
			);
			path = Shared;
			sourceTree = "<group>";
		};
		BF837279F5B10B0115062C38 /* Apex */ = {
			isa = PBXGroup;
			children = (
				FDBE78A33FD748E4AB85C04E /* App */,
				06B061AFC77252364FE80E8E /* Models */,
				B0C0CDA02B7F5FD4DFE26434 /* Resources */,
				8545000B9AAC11BDBAC0040A /* Services */,
				E228B0E8639BFF8857AEB87F /* ViewModels */,
				B276BAA3DAAFD9E1626B0772 /* Views */,
			);
			path = Apex;
			sourceTree = "<group>";
		};
		C5156408F811EAB3CAEB2F20 /* ActiveWorkout */ = {
			isa = PBXGroup;
			children = (
				7B470F268FED90132B9811D6 /* LiveActivityView.swift */,
				3A4C69AB6473F5BC5F1AE98C /* StartActivitySheet.swift */,
				F39C9FFFB8CAF1B8E75A3ECD /* WeightTrainingView.swift */,
				BED5F20A376BEEBB2933AB42 /* WorkoutLogSession.swift */,
			);
			path = ActiveWorkout;
			sourceTree = "<group>";
		};
		E1825B1C77C5863699A64DB4 /* ApexWidget */ = {
			isa = PBXGroup;
			children = (
				0F1EB6384FCBDC0036C04CFB /* ApexWidget.entitlements */,
				3CFDF1E3D4B38B7D9645C799 /* ApexWidget.swift */,
				694E71D7521E44FBE01566E7 /* Info.plist */,
			);
			path = ApexWidget;
			sourceTree = "<group>";
		};
		E228B0E8639BFF8857AEB87F /* ViewModels */ = {
			isa = PBXGroup;
			children = (
				1A2DD8E3C962D4FEE1B6756F /* DashboardViewModel.swift */,
				14E0C93B42F7A793365F6D7D /* RoutineViewModel.swift */,
			);
			path = ViewModels;
			sourceTree = "<group>";
		};
		EE179FFE500D43E7B976A12B /* Routine */ = {
			isa = PBXGroup;
			children = (
				81F597DE06694FA79047E2CA /* EditExerciseSheet.swift */,
				C8A87CB35F248ADF6EB9BD8E /* ExerciseProgressSheet.swift */,
				1A38CD8F940C1CBCF0C97148 /* RoutineAISheet.swift */,
				588F608DCC40E95DD8647E18 /* RoutineView.swift */,
				84A1A2830024B58E9E9D7197 /* SwapExerciseSheet.swift */,
			);
			path = Routine;
			sourceTree = "<group>";
		};
		FC04D0B9396A6C388E023F8E /* Tests */ = {
			isa = PBXGroup;
			children = (
				3307656ED946B55184CA6E33 /* ApexTests */,
			);
			path = Tests;
			sourceTree = "<group>";
		};
		FDBE78A33FD748E4AB85C04E /* App */ = {
			isa = PBXGroup;
			children = (
				C7C58AE38292797DEA856365 /* Apex.entitlements */,
				617E891BEB613EFBDF031303 /* ApexApp.swift */,
				3F452B2297871FFE93BBBCF0 /* Info.plist */,
			);
			path = App;
			sourceTree = "<group>";
		};
/* End PBXGroup section */

/* Begin PBXNativeTarget section */
		C3A61A3316FF0E5FFDB48BC5 /* Apex */ = {
			isa = PBXNativeTarget;
			buildConfigurationList = 3CCB10E6493CA13231B7C1CA /* Build configuration list for PBXNativeTarget "Apex" */;
			buildPhases = (
				2DC01C96DF2AD4C879811D75 /* Sources */,
				C5A8C2D956E281D88ADFAD68 /* Resources */,
				6BDA7D8CF3C1051BC0D3E2BF /* Embed Foundation Extensions */,
				EA83EB34DAC1E25385317B96 /* Embed Watch Content */,
			);
			buildRules = (
			);
			dependencies = (
				16DBF02041ABD7717F20E2CA /* PBXTargetDependency */,
				EBD829DE0E3C1A834D2E1539 /* PBXTargetDependency */,
			);
			name = Apex;
			packageProductDependencies = (
			);
			productName = Apex;
			productReference = 55DAD81B00BA688F089A40F3 /* Apex.app */;
			productType = "com.apple.product-type.application";
		};
		D69AC4B940303B8A36805893 /* ApexTests */ = {
			isa = PBXNativeTarget;
			buildConfigurationList = A2FAEDF54A5BA7581082374B /* Build configuration list for PBXNativeTarget "ApexTests" */;
			buildPhases = (
				05699B850D1FBEE988CAAA1F /* Sources */,
			);
			buildRules = (
			);
			dependencies = (
				34D4DCD1BD32EE64236CB445 /* PBXTargetDependency */,
			);
			name = ApexTests;
			packageProductDependencies = (
			);
			productName = ApexTests;
			productReference = CA030E1B0BAE24F5D9128790 /* ApexTests.xctest */;
			productType = "com.apple.product-type.bundle.unit-test";
		};
		ECD6F718E8BC9DCBA4799414 /* ApexWatch */ = {
			isa = PBXNativeTarget;
			buildConfigurationList = 14ED42203EDC0B0CAF9E95D5 /* Build configuration list for PBXNativeTarget "ApexWatch" */;
			buildPhases = (
				E1575A2A9FF809B2914601BA /* Sources */,
			);
			buildRules = (
			);
			dependencies = (
			);
			name = ApexWatch;
			packageProductDependencies = (
			);
			productName = ApexWatch;
			productReference = BDB4907A302A7EB9BC3AE081 /* ApexWatch.app */;
			productType = "com.apple.product-type.application";
		};
		F008144B32C10A8B5058C9C6 /* ApexWidget */ = {
			isa = PBXNativeTarget;
			buildConfigurationList = 6EDF2BA974B66E8C8A8A5FFF /* Build configuration list for PBXNativeTarget "ApexWidget" */;
			buildPhases = (
				A58C2E6FA42A48D7ACDED62C /* Sources */,
			);
			buildRules = (
			);
			dependencies = (
			);
			name = ApexWidget;
			packageProductDependencies = (
			);
			productName = ApexWidget;
			productReference = 81AAEDC457D97B1EFF7576CA /* ApexWidget.appex */;
			productType = "com.apple.product-type.app-extension";
		};
/* End PBXNativeTarget section */

/* Begin PBXProject section */
		4E8EADB5E201ECDB1BDB1208 /* Project object */ = {
			isa = PBXProject;
			attributes = {
				BuildIndependentTargetsInParallel = YES;
				LastUpgradeCheck = 1430;
				TargetAttributes = {
					C3A61A3316FF0E5FFDB48BC5 = {
						DevelopmentTeam = ZBL544FP3Q;
						ProvisioningStyle = Automatic;
					};
					D69AC4B940303B8A36805893 = {
						DevelopmentTeam = ZBL544FP3Q;
						ProvisioningStyle = Automatic;
					};
					ECD6F718E8BC9DCBA4799414 = {
						DevelopmentTeam = ZBL544FP3Q;
						ProvisioningStyle = Automatic;
					};
					F008144B32C10A8B5058C9C6 = {
						DevelopmentTeam = ZBL544FP3Q;
						ProvisioningStyle = Automatic;
					};
				};
			};
			buildConfigurationList = 656B6C57D869885DB6EDE491 /* Build configuration list for PBXProject "Apex" */;
			developmentRegion = es;
			hasScannedForEncodings = 0;
			knownRegions = (
				Base,
				es,
			);
			mainGroup = 36296C652D35D9F9A52061C6;
			minimizedProjectReferenceProxies = 1;
			preferredProjectObjectVersion = 77;
			productRefGroup = 1B1DA67C24BDDF86376811A6 /* Products */;
			projectDirPath = "";
			projectRoot = "";
			targets = (
				C3A61A3316FF0E5FFDB48BC5 /* Apex */,
				D69AC4B940303B8A36805893 /* ApexTests */,
				ECD6F718E8BC9DCBA4799414 /* ApexWatch */,
				F008144B32C10A8B5058C9C6 /* ApexWidget */,
			);
		};
/* End PBXProject section */

/* Begin PBXResourcesBuildPhase section */
		C5A8C2D956E281D88ADFAD68 /* Resources */ = {
			isa = PBXResourcesBuildPhase;
			buildActionMask = 2147483647;
			files = (
				58AC9066B969DD4521E73CFD /* Assets.xcassets in Resources */,
				C17FAF211C25302C0130DC0E /* StravaSecrets.example.plist in Resources */,
			);
			runOnlyForDeploymentPostprocessing = 0;
		};
/* End PBXResourcesBuildPhase section */

/* Begin PBXSourcesBuildPhase section */
		05699B850D1FBEE988CAAA1F /* Sources */ = {
			isa = PBXSourcesBuildPhase;
			buildActionMask = 2147483647;
			files = (
				45DFAF50C68DAC998E0265FD /* BodyBatteryCacheTests.swift in Sources */,
				EBE0000FDA3CE47DFFFA5590 /* DailyAnalysisGatingTests.swift in Sources */,
				E597A64714DDFA6DAB75B7C8 /* DailySnapshotStoreTests.swift in Sources */,
				32CD2F8609515285004E1FE3 /* ExerciseSwapperTests.swift in Sources */,
				C04D77A817001F87BEDE22A5 /* FitnessAgeTests.swift in Sources */,
				1FA704E8DE4CBF215A5A2199 /* MetricCalendarTests.swift in Sources */,
				3E7E4352AD9F50A7E24C5861 /* MetricColorsTests.swift in Sources */,
				5B1ABED22F673424F1B48351 /* PromptSafetyTests.swift in Sources */,
				47A425DBDBA6094144BC9328 /* SeriesOrderTests.swift in Sources */,
				1756E84C3A0A0157979643F6 /* SessionLoadTests.swift in Sources */,
				4F84DB32E71DB08394C9FD70 /* SleepFreshnessTests.swift in Sources */,
				ED07C5B3D748673883BA7990 /* SleepSessionMergeTests.swift in Sources */,
				42D6822A661F262B432F3DD6 /* StravaActivityFixture.swift in Sources */,
				5F66B03ED35EF2F60F49A293 /* TrainingMetricsTests.swift in Sources */,
				F1CB9CB37D89103771258830 /* VO2MaxEstimatorTests.swift in Sources */,
				34BEA5DEC1EEDA5673829CFF /* VO2MaxStalenessTests.swift in Sources */,
			);
			runOnlyForDeploymentPostprocessing = 0;
		};
		2DC01C96DF2AD4C879811D75 /* Sources */ = {
			isa = PBXSourcesBuildPhase;
			buildActionMask = 2147483647;
			files = (
				37B98D0A71E0A409E9ACD2F8 /* AIInsight.swift in Sources */,
				C1C424B764AD8253D93FCB48 /* AIService.swift in Sources */,
				86EA1312B9941883E35F989C /* AITextCard.swift in Sources */,
				7BF3896864CAC7D646C05CB2 /* ActivitiesView.swift in Sources */,
				93E74C454D6D3DCBB2DB2A55 /* Activity.swift in Sources */,
				3CDE3E09328728D2664CC01E /* ActivityDetailView.swift in Sources */,
				9186FF434C8621706D5D6A43 /* ActivityStatsView.swift in Sources */,
				F1460305CC88C6AB5326DBEB /* ActivityTracker.swift in Sources */,
				A3EA3F7EFF380248F6820678 /* ApexApp.swift in Sources */,
				BCCDD7B9E2814C098EBB9BD7 /* ApexLogo.swift in Sources */,
				3C01FA445D20523548A46364 /* ApexProSheet.swift in Sources */,
				0AB5FF0B2A07C193347DE094 /* BackendClient.swift in Sources */,
				24D70BCA0D5B304199E81A88 /* BackgroundRefresh.swift in Sources */,
				5995891A086AEAE25FE2E1B2 /* BiologicalAgeDetailView.swift in Sources */,
				B2513318DD327D8CE70286A7 /* BodyBatteryDetailView.swift in Sources */,
				57FCB03479DE95C9B20CA4F1 /* BodyBatteryStore.swift in Sources */,
				09BFAB66E82950A9E7E2BB78 /* BodyCompositionView.swift in Sources */,
				F4EF52685A79BDEA7719E2F6 /* CoachChatView.swift in Sources */,
				EBA9C57B2E029BAB9B79E2FF /* DailyMetricsRecorder.swift in Sources */,
				29761C6B9AC1EB8BD2D69FCB /* DailySnapshotStore.swift in Sources */,
				B2F36CA794FFB1FFD9D2C7DD /* DashboardView.swift in Sources */,
				898E20BDB5FD62C506097C7F /* DashboardViewModel.swift in Sources */,
				5BEBD4D9DDD2C0F31F65DB10 /* DeviceAuth.swift in Sources */,
				FD7932B96D799FD99C2DA877 /* EditExerciseSheet.swift in Sources */,
				537BAD86BCB2ADF2DB7AC53F /* EditHealthPageView.swift in Sources */,
				9CE0AEB6A39A9430229399C4 /* EffortDetailView.swift in Sources */,
				7486E200DC9C0416E96240FB /* ExerciseProgressSheet.swift in Sources */,
				DE0F638D99C058F5AF1952D6 /* ExerciseProgressionView.swift in Sources */,
				D3360CD651D3D2C4755F9E12 /* ExerciseSwapper.swift in Sources */,
				8AF7CC3E2772E77A7BC2D57E /* HealthData.swift in Sources */,
				EBC85D912F711961F75E32CA /* HealthDayDetailView.swift in Sources */,
				08A8F85F47CCD69569DBAFC1 /* HealthKitManager.swift in Sources */,
				B9DEE5ED14C5450EC7460F8B /* HealthLayout.swift in Sources */,
				A388CF94C564DF10E083D070 /* HealthView.swift in Sources */,
				F5C6E4F8473B6EB1E85012DE /* HeartRateZonesView.swift in Sources */,
				6E0553C0BB3EAD34C49CF7CB /* InsightsView.swift in Sources */,
				1042B7477E174BAEAB5DF5BD /* Keychain.swift in Sources */,
				4052010EDC7E1448525EC9DE /* LiveActivityView.swift in Sources */,
				7F26173322E50A83975C2405 /* MainTabView.swift in Sources */,
				527BF03B0C7872C190CB549E /* MetricCalendarData.swift in Sources */,
				4D42D978472249EA99ABDEAD /* MetricCalendarView.swift in Sources */,
				0C6C062D385DB17815448331 /* MetricColors.swift in Sources */,
				F489847B015CA5AF4449CEE2 /* MetricDetailComponents.swift in Sources */,
				F6A4FA85D01C7CFACA0B0460 /* MetricDetailView.swift in Sources */,
				171FF970FDD875ED01FA03D7 /* MetricStyledTiles.swift in Sources */,
				4F9DC5AE63D9EC8EAA9C3D58 /* NotificationManager.swift in Sources */,
				0E98F02BED72F92AD37DBFF9 /* OnboardingView.swift in Sources */,
				2D5F4AEBEB4D0D949780EF4C /* PersonalRecordsView.swift in Sources */,
				2FD5C1A5F77B0E9F234D532F /* PhoneConnectivityManager.swift in Sources */,
				FB84BE5B4D5736DA875CCA27 /* ProfileSheet.swift in Sources */,
				CB2A78976B45E0B246A06999 /* QuickMetricsGrid.swift in Sources */,
				6D0E2A099C818BE5BB8FA14A /* RecoveryDetailView.swift in Sources */,
				7A496A0733FDF68E88C87544 /* RootView.swift in Sources */,
				6503B2038F56FC9AC18C4D8F /* Routine.swift in Sources */,
				E4600BAE7DC219CEF9DE1354 /* RoutineAISheet.swift in Sources */,
				B1FCF8BD35AF13D7BD9F02DE /* RoutineProgressStore.swift in Sources */,
				1B57892F4D7C826275265F3A /* RoutineView.swift in Sources */,
				1FD786A0267CFF8FB9A1C448 /* RoutineViewModel.swift in Sources */,
				E84BF498D110F931D4F79242 /* RunAIAnalysisCard.swift in Sources */,
				4353D4F6B5F1F6B98E2C4C38 /* SleepCard.swift in Sources */,
				35E8AE780B879EE68C1D32FE /* SleepDetailView.swift in Sources */,
				B5848EBE45A36A5E42EB3B2E /* SmartTipBanner.swift in Sources */,
				C7F187D963AFFF075DB59168 /* StartActivitySheet.swift in Sources */,
				CBFF27254CC175DB8D31A814 /* StravaAPI.swift in Sources */,
				3ED2669B442CE287EDF18AE6 /* StravaAuth.swift in Sources */,
				D2ACC19278D754ADE1E31BE4 /* StressDetailView.swift in Sources */,
				E0916FF9B9A23C1A1B655DA2 /* StressRecoveryEffortRow.swift in Sources */,
				0663A1A54324A92CD83C689E /* SwapExerciseSheet.swift in Sources */,
				1F380792F6095C4802712F0B /* TrainingLoadCard.swift in Sources */,
				37FBA2E6D5E00ACF0448054C /* TrainingLoadDetailView.swift in Sources */,
				5959F0CE51CF3DF938600C5A /* TrainingMetrics.swift in Sources */,
				9D0CD2E6DECB3786C153589D /* TrendSparkline.swift in Sources */,
				B299C31E8FEC72618458A065 /* UserProfileManager.swift in Sources */,
				335FBF45FA0D90D7DDBA5142 /* VO2MaxEstimator.swift in Sources */,
				CCD82D8EA700D77734BA74B1 /* WatchDashboardData.swift in Sources */,
				F35512393C579D7E2C57F09F /* WeightEntrySheet.swift in Sources */,
				0F46B3672742F539EF50555D /* WeightTrainingView.swift in Sources */,
				322390A0882DBEDF36E6309F /* WorkoutHistoryView.swift in Sources */,
				4BFC6582CF5CA43D50875BED /* WorkoutLog.swift in Sources */,
				4136AD73627261F18E678411 /* WorkoutLogSession.swift in Sources */,
				7275A377C537A1FB8286F0BE /* WorkoutLogStore.swift in Sources */,
			);
			runOnlyForDeploymentPostprocessing = 0;
		};
		A58C2E6FA42A48D7ACDED62C /* Sources */ = {
			isa = PBXSourcesBuildPhase;
			buildActionMask = 2147483647;
			files = (
				A8C4F334F571D893C7C9B96F /* ApexWidget.swift in Sources */,
				F0A2D0A415454811EF70EDA2 /* MetricColors.swift in Sources */,
				5A367450B82B9B33950806A1 /* WatchDashboardData.swift in Sources */,
			);
			runOnlyForDeploymentPostprocessing = 0;
		};
		E1575A2A9FF809B2914601BA /* Sources */ = {
			isa = PBXSourcesBuildPhase;
			buildActionMask = 2147483647;
			files = (
				0903375899CFBB5DA472E924 /* ApexWatchApp.swift in Sources */,
				E284426F05ED82746B9C70FF /* MetricColors.swift in Sources */,
				CDD3798E6007E7922E760E15 /* WatchActivitiesView.swift in Sources */,
				F34E969E41CB652EDA9B3B9B /* WatchBatteryView.swift in Sources */,
				410EBDBCBF1E33B2B5DB21C4 /* WatchConnectivityManager.swift in Sources */,
				92BD0E10962F97447DF8BA80 /* WatchDashboardData.swift in Sources */,
				452C0E7B8F69EC72175A393B /* WatchDashboardView.swift in Sources */,
				76894EC496D5F1BB3F40D132 /* WatchMetricsView.swift in Sources */,
			);
			runOnlyForDeploymentPostprocessing = 0;
		};
/* End PBXSourcesBuildPhase section */

/* Begin PBXTargetDependency section */
		16DBF02041ABD7717F20E2CA /* PBXTargetDependency */ = {
			isa = PBXTargetDependency;
			target = F008144B32C10A8B5058C9C6 /* ApexWidget */;
			targetProxy = 6510B8471F6060A3548950FD /* PBXContainerItemProxy */;
		};
		34D4DCD1BD32EE64236CB445 /* PBXTargetDependency */ = {
			isa = PBXTargetDependency;
			target = C3A61A3316FF0E5FFDB48BC5 /* Apex */;
			targetProxy = 38A2D8F1FCD000EE2736C46C /* PBXContainerItemProxy */;
		};
		EBD829DE0E3C1A834D2E1539 /* PBXTargetDependency */ = {
			isa = PBXTargetDependency;
			target = ECD6F718E8BC9DCBA4799414 /* ApexWatch */;
			targetProxy = 8DD67B6F88630CFDC636751B /* PBXContainerItemProxy */;
		};
/* End PBXTargetDependency section */

/* Begin XCBuildConfiguration section */
		0F52950D8B44BBC66927BCC0 /* Debug */ = {
			isa = XCBuildConfiguration;
			buildSettings = {
				BUNDLE_LOADER = "$(TEST_HOST)";
				GENERATE_INFOPLIST_FILE = YES;
				IPHONEOS_DEPLOYMENT_TARGET = 17.0;
				LD_RUNPATH_SEARCH_PATHS = (
					"$(inherited)",
					"@executable_path/Frameworks",
					"@loader_path/Frameworks",
				);
				PRODUCT_BUNDLE_IDENTIFIER = com.diegoalvarezfrancos.apex.tests;
				SDKROOT = iphoneos;
				SWIFT_VERSION = 5.10;
				TARGETED_DEVICE_FAMILY = "1,2";
				TEST_HOST = "$(BUILT_PRODUCTS_DIR)/Apex.app/Apex";
			};
			name = Debug;
		};
		23E9D8FE0C3D82B1CD6BE6AF /* Release */ = {
			isa = XCBuildConfiguration;
			buildSettings = {
				BUNDLE_LOADER = "$(TEST_HOST)";
				GENERATE_INFOPLIST_FILE = YES;
				IPHONEOS_DEPLOYMENT_TARGET = 17.0;
				LD_RUNPATH_SEARCH_PATHS = (
					"$(inherited)",
					"@executable_path/Frameworks",
					"@loader_path/Frameworks",
				);
				PRODUCT_BUNDLE_IDENTIFIER = com.diegoalvarezfrancos.apex.tests;
				SDKROOT = iphoneos;
				SWIFT_VERSION = 5.10;
				TARGETED_DEVICE_FAMILY = "1,2";
				TEST_HOST = "$(BUILT_PRODUCTS_DIR)/Apex.app/Apex";
			};
			name = Release;
		};
		2B12A7346BF714890242423B /* Debug */ = {
			isa = XCBuildConfiguration;
			buildSettings = {
				ASSETCATALOG_COMPILER_APPICON_NAME = AppIcon;
				INFOPLIST_FILE = Sources/ApexWatch/Info.plist;
				PRODUCT_BUNDLE_IDENTIFIER = com.diegoalvarezfrancos.apex.watchkitapp;
				SDKROOT = watchos;
				SKIP_INSTALL = YES;
				SWIFT_VERSION = 5.10;
				TARGETED_DEVICE_FAMILY = 4;
				WATCHOS_DEPLOYMENT_TARGET = 10.0;
			};
			name = Debug;
		};
		3B61DF0B5E4260CCA0C149C0 /* Release */ = {
			isa = XCBuildConfiguration;
			buildSettings = {
				CODE_SIGN_ENTITLEMENTS = Sources/ApexWidget/ApexWidget.entitlements;
				INFOPLIST_FILE = Sources/ApexWidget/Info.plist;
				IPHONEOS_DEPLOYMENT_TARGET = 17.0;
				LD_RUNPATH_SEARCH_PATHS = (
					"$(inherited)",
					"@executable_path/Frameworks",
					"@executable_path/../../Frameworks",
				);
				PRODUCT_BUNDLE_IDENTIFIER = com.diegoalvarezfrancos.apex.widget;
				SDKROOT = iphoneos;
				SWIFT_VERSION = 5.10;
				TARGETED_DEVICE_FAMILY = "1,2";
			};
			name = Release;
		};
		4FBD0A8CD0703526858964DE /* Debug */ = {
			isa = XCBuildConfiguration;
			buildSettings = {
				ASSETCATALOG_COMPILER_APPICON_NAME = AppIcon;
				ASSETCATALOG_COMPILER_GLOBAL_ACCENT_COLOR_NAME = AccentColor;
				CODE_SIGN_ENTITLEMENTS = Sources/Apex/App/Apex.entitlements;
				CODE_SIGN_IDENTITY = "iPhone Developer";
				INFOPLIST_FILE = Sources/Apex/App/Info.plist;
				INFOPLIST_KEY_UIStatusBarStyle = UIStatusBarStyleDarkContent;
				LD_RUNPATH_SEARCH_PATHS = (
					"$(inherited)",
					"@executable_path/Frameworks",
				);
				PRODUCT_BUNDLE_IDENTIFIER = com.diegoalvarezfrancos.apex;
				SDKROOT = iphoneos;
				TARGETED_DEVICE_FAMILY = "1,2";
			};
			name = Debug;
		};
		5C71E832ABEAD9638ACBFAB9 /* Debug */ = {
			isa = XCBuildConfiguration;
			buildSettings = {
				ALWAYS_SEARCH_USER_PATHS = NO;
				CLANG_ANALYZER_NONNULL = YES;
				CLANG_ANALYZER_NUMBER_OBJECT_CONVERSION = YES_AGGRESSIVE;
				CLANG_CXX_LANGUAGE_STANDARD = "gnu++14";
				CLANG_CXX_LIBRARY = "libc++";
				CLANG_ENABLE_MODULES = YES;
				CLANG_ENABLE_OBJC_ARC = YES;
				CLANG_ENABLE_OBJC_WEAK = YES;
				CLANG_WARN_BLOCK_CAPTURE_AUTORELEASING = YES;
				CLANG_WARN_BOOL_CONVERSION = YES;
				CLANG_WARN_COMMA = YES;
				CLANG_WARN_CONSTANT_CONVERSION = YES;
				CLANG_WARN_DEPRECATED_OBJC_IMPLEMENTATIONS = YES;
				CLANG_WARN_DIRECT_OBJC_ISA_USAGE = YES_ERROR;
				CLANG_WARN_DOCUMENTATION_COMMENTS = YES;
				CLANG_WARN_EMPTY_BODY = YES;
				CLANG_WARN_ENUM_CONVERSION = YES;
				CLANG_WARN_INFINITE_RECURSION = YES;
				CLANG_WARN_INT_CONVERSION = YES;
				CLANG_WARN_NON_LITERAL_NULL_CONVERSION = YES;
				CLANG_WARN_OBJC_IMPLICIT_RETAIN_SELF = YES;
				CLANG_WARN_OBJC_LITERAL_CONVERSION = YES;
				CLANG_WARN_OBJC_ROOT_CLASS = YES_ERROR;
				CLANG_WARN_QUOTED_INCLUDE_IN_FRAMEWORK_HEADER = YES;
				CLANG_WARN_RANGE_LOOP_ANALYSIS = YES;
				CLANG_WARN_STRICT_PROTOTYPES = YES;
				CLANG_WARN_SUSPICIOUS_MOVE = YES;
				CLANG_WARN_UNGUARDED_AVAILABILITY = YES_AGGRESSIVE;
				CLANG_WARN_UNREACHABLE_CODE = YES;
				CLANG_WARN__DUPLICATE_METHOD_MATCH = YES;
				CODE_SIGN_STYLE = Automatic;
				COPY_PHASE_STRIP = NO;
				CURRENT_PROJECT_VERSION = 1;
				DEBUG_INFORMATION_FORMAT = dwarf;
				DEVELOPMENT_TEAM = ZBL544FP3Q;
				ENABLE_STRICT_OBJC_MSGSEND = YES;
				ENABLE_TESTABILITY = YES;
				GCC_C_LANGUAGE_STANDARD = gnu11;
				GCC_DYNAMIC_NO_PIC = NO;
				GCC_NO_COMMON_BLOCKS = YES;
				GCC_OPTIMIZATION_LEVEL = 0;
				GCC_PREPROCESSOR_DEFINITIONS = (
					"$(inherited)",
					"DEBUG=1",
				);
				GCC_WARN_64_TO_32_BIT_CONVERSION = YES;
				GCC_WARN_ABOUT_RETURN_TYPE = YES_ERROR;
				GCC_WARN_UNDECLARED_SELECTOR = YES;
				GCC_WARN_UNINITIALIZED_AUTOS = YES_AGGRESSIVE;
				GCC_WARN_UNUSED_FUNCTION = YES;
				GCC_WARN_UNUSED_VARIABLE = YES;
				IPHONEOS_DEPLOYMENT_TARGET = 17.0;
				MARKETING_VERSION = 1.0.0;
				MTL_ENABLE_DEBUG_INFO = INCLUDE_SOURCE;
				MTL_FAST_MATH = YES;
				ONLY_ACTIVE_ARCH = YES;
				PRODUCT_NAME = "$(TARGET_NAME)";
				SWIFT_ACTIVE_COMPILATION_CONDITIONS = DEBUG;
				SWIFT_OPTIMIZATION_LEVEL = "-Onone";
				SWIFT_VERSION = 5.10;
				WATCHOS_DEPLOYMENT_TARGET = 10.0;
			};
			name = Debug;
		};
		6D07B4102E60D4E9E196A96F /* Release */ = {
			isa = XCBuildConfiguration;
			buildSettings = {
				ASSETCATALOG_COMPILER_APPICON_NAME = AppIcon;
				ASSETCATALOG_COMPILER_GLOBAL_ACCENT_COLOR_NAME = AccentColor;
				CODE_SIGN_ENTITLEMENTS = Sources/Apex/App/Apex.entitlements;
				CODE_SIGN_IDENTITY = "iPhone Developer";
				INFOPLIST_FILE = Sources/Apex/App/Info.plist;
				INFOPLIST_KEY_UIStatusBarStyle = UIStatusBarStyleDarkContent;
				LD_RUNPATH_SEARCH_PATHS = (
					"$(inherited)",
					"@executable_path/Frameworks",
				);
				PRODUCT_BUNDLE_IDENTIFIER = com.diegoalvarezfrancos.apex;
				SDKROOT = iphoneos;
				TARGETED_DEVICE_FAMILY = "1,2";
			};
			name = Release;
		};
		781CDDDE80B49602541A4B9E /* Release */ = {
			isa = XCBuildConfiguration;
			buildSettings = {
				ALWAYS_SEARCH_USER_PATHS = NO;
				CLANG_ANALYZER_NONNULL = YES;
				CLANG_ANALYZER_NUMBER_OBJECT_CONVERSION = YES_AGGRESSIVE;
				CLANG_CXX_LANGUAGE_STANDARD = "gnu++14";
				CLANG_CXX_LIBRARY = "libc++";
				CLANG_ENABLE_MODULES = YES;
				CLANG_ENABLE_OBJC_ARC = YES;
				CLANG_ENABLE_OBJC_WEAK = YES;
				CLANG_WARN_BLOCK_CAPTURE_AUTORELEASING = YES;
				CLANG_WARN_BOOL_CONVERSION = YES;
				CLANG_WARN_COMMA = YES;
				CLANG_WARN_CONSTANT_CONVERSION = YES;
				CLANG_WARN_DEPRECATED_OBJC_IMPLEMENTATIONS = YES;
				CLANG_WARN_DIRECT_OBJC_ISA_USAGE = YES_ERROR;
				CLANG_WARN_DOCUMENTATION_COMMENTS = YES;
				CLANG_WARN_EMPTY_BODY = YES;
				CLANG_WARN_ENUM_CONVERSION = YES;
				CLANG_WARN_INFINITE_RECURSION = YES;
				CLANG_WARN_INT_CONVERSION = YES;
				CLANG_WARN_NON_LITERAL_NULL_CONVERSION = YES;
				CLANG_WARN_OBJC_IMPLICIT_RETAIN_SELF = YES;
				CLANG_WARN_OBJC_LITERAL_CONVERSION = YES;
				CLANG_WARN_OBJC_ROOT_CLASS = YES_ERROR;
				CLANG_WARN_QUOTED_INCLUDE_IN_FRAMEWORK_HEADER = YES;
				CLANG_WARN_RANGE_LOOP_ANALYSIS = YES;
				CLANG_WARN_STRICT_PROTOTYPES = YES;
				CLANG_WARN_SUSPICIOUS_MOVE = YES;
				CLANG_WARN_UNGUARDED_AVAILABILITY = YES_AGGRESSIVE;
				CLANG_WARN_UNREACHABLE_CODE = YES;
				CLANG_WARN__DUPLICATE_METHOD_MATCH = YES;
				CODE_SIGN_STYLE = Automatic;
				COPY_PHASE_STRIP = NO;
				CURRENT_PROJECT_VERSION = 1;
				DEBUG_INFORMATION_FORMAT = "dwarf-with-dsym";
				DEVELOPMENT_TEAM = ZBL544FP3Q;
				ENABLE_NS_ASSERTIONS = NO;
				ENABLE_STRICT_OBJC_MSGSEND = YES;
				GCC_C_LANGUAGE_STANDARD = gnu11;
				GCC_NO_COMMON_BLOCKS = YES;
				GCC_WARN_64_TO_32_BIT_CONVERSION = YES;
				GCC_WARN_ABOUT_RETURN_TYPE = YES_ERROR;
				GCC_WARN_UNDECLARED_SELECTOR = YES;
				GCC_WARN_UNINITIALIZED_AUTOS = YES_AGGRESSIVE;
				GCC_WARN_UNUSED_FUNCTION = YES;
				GCC_WARN_UNUSED_VARIABLE = YES;
				IPHONEOS_DEPLOYMENT_TARGET = 17.0;
				MARKETING_VERSION = 1.0.0;
				MTL_ENABLE_DEBUG_INFO = NO;
				MTL_FAST_MATH = YES;
				PRODUCT_NAME = "$(TARGET_NAME)";
				SWIFT_COMPILATION_MODE = wholemodule;
				SWIFT_OPTIMIZATION_LEVEL = "-O";
				SWIFT_VERSION = 5.10;
				WATCHOS_DEPLOYMENT_TARGET = 10.0;
			};
			name = Release;
		};
		80C4A7C14EB58767A50A3000 /* Debug */ = {
			isa = XCBuildConfiguration;
			buildSettings = {
				CODE_SIGN_ENTITLEMENTS = Sources/ApexWidget/ApexWidget.entitlements;
				INFOPLIST_FILE = Sources/ApexWidget/Info.plist;
				IPHONEOS_DEPLOYMENT_TARGET = 17.0;
				LD_RUNPATH_SEARCH_PATHS = (
					"$(inherited)",
					"@executable_path/Frameworks",
					"@executable_path/../../Frameworks",
				);
				PRODUCT_BUNDLE_IDENTIFIER = com.diegoalvarezfrancos.apex.widget;
				SDKROOT = iphoneos;
				SWIFT_VERSION = 5.10;
				TARGETED_DEVICE_FAMILY = "1,2";
			};
			name = Debug;
		};
		C95C8309F3FE3FDBD2F491C3 /* Release */ = {
			isa = XCBuildConfiguration;
			buildSettings = {
				ASSETCATALOG_COMPILER_APPICON_NAME = AppIcon;
				INFOPLIST_FILE = Sources/ApexWatch/Info.plist;
				PRODUCT_BUNDLE_IDENTIFIER = com.diegoalvarezfrancos.apex.watchkitapp;
				SDKROOT = watchos;
				SKIP_INSTALL = YES;
				SWIFT_VERSION = 5.10;
				TARGETED_DEVICE_FAMILY = 4;
				WATCHOS_DEPLOYMENT_TARGET = 10.0;
			};
			name = Release;
		};
/* End XCBuildConfiguration section */

/* Begin XCConfigurationList section */
		14ED42203EDC0B0CAF9E95D5 /* Build configuration list for PBXNativeTarget "ApexWatch" */ = {
			isa = XCConfigurationList;
			buildConfigurations = (
				2B12A7346BF714890242423B /* Debug */,
				C95C8309F3FE3FDBD2F491C3 /* Release */,
			);
			defaultConfigurationIsVisible = 0;
			defaultConfigurationName = Debug;
		};
		3CCB10E6493CA13231B7C1CA /* Build configuration list for PBXNativeTarget "Apex" */ = {
			isa = XCConfigurationList;
			buildConfigurations = (
				4FBD0A8CD0703526858964DE /* Debug */,
				6D07B4102E60D4E9E196A96F /* Release */,
			);
			defaultConfigurationIsVisible = 0;
			defaultConfigurationName = Debug;
		};
		656B6C57D869885DB6EDE491 /* Build configuration list for PBXProject "Apex" */ = {
			isa = XCConfigurationList;
			buildConfigurations = (
				5C71E832ABEAD9638ACBFAB9 /* Debug */,
				781CDDDE80B49602541A4B9E /* Release */,
			);
			defaultConfigurationIsVisible = 0;
			defaultConfigurationName = Debug;
		};
		6EDF2BA974B66E8C8A8A5FFF /* Build configuration list for PBXNativeTarget "ApexWidget" */ = {
			isa = XCConfigurationList;
			buildConfigurations = (
				80C4A7C14EB58767A50A3000 /* Debug */,
				3B61DF0B5E4260CCA0C149C0 /* Release */,
			);
			defaultConfigurationIsVisible = 0;
			defaultConfigurationName = Debug;
		};
		A2FAEDF54A5BA7581082374B /* Build configuration list for PBXNativeTarget "ApexTests" */ = {
			isa = XCConfigurationList;
			buildConfigurations = (
				0F52950D8B44BBC66927BCC0 /* Debug */,
				23E9D8FE0C3D82B1CD6BE6AF /* Release */,
			);
			defaultConfigurationIsVisible = 0;
			defaultConfigurationName = Debug;
		};
/* End XCConfigurationList section */
	};
	rootObject = 4E8EADB5E201ECDB1BDB1208 /* Project object */;
}
